// !$*UTF8*$!
{
	archiveVersion = 1;
	classes = {
	};
	objectVersion = 56;
	objects = {

/* Begin PBXBuildFile section */
		8B1393422BCAECAE00D33733 /* InsectsDetectorApp.swift in Sources */ = {isa = PBXBuildFile; fileRef = 8B1393412BCAECAE00D33733 /* InsectsDetectorApp.swift */; };
		8B1393462BCAECAF00D33733 /* Assets.xcassets in Resources */ = {isa = PBXBuildFile; fileRef = 8B1393452BCAECAF00D33733 /* Assets.xcassets */; };
		8B1393492BCAECAF00D33733 /* Preview Assets.xcassets in Resources */ = {isa = PBXBuildFile; fileRef = 8B1393482BCAECAF00D33733 /* Preview Assets.xcassets */; };
		8B1393532BCAECAF00D33733 /* InsectsDetectorTests.swift in Sources */ = {isa = PBXBuildFile; fileRef = 8B1393522BCAECAF00D33733 /* InsectsDetectorTests.swift */; };
		8B13935D2BCAECAF00D33733 /* InsectsDetectorUITests.swift in Sources */ = {isa = PBXBuildFile; fileRef = 8B13935C2BCAECAF00D33733 /* InsectsDetectorUITests.swift */; };
		8B13935F2BCAECAF00D33733 /* InsectsDetectorUITestsLaunchTests.swift in Sources */ = {isa = PBXBuildFile; fileRef = 8B13935E2BCAECAF00D33733 /* InsectsDetectorUITestsLaunchTests.swift */; };
		8B13936C2BCAECED00D33733 /* ImagePredictor.swift in Sources */ = {isa = PBXBuildFile; fileRef = 8B13936B2BCAECEC00D33733 /* ImagePredictor.swift */; };
		8BA185552C6169720050A60C /* SettingsNavigationStack.swift in Sources */ = {isa = PBXBuildFile; fileRef = 8BA185542C6169720050A60C /* SettingsNavigationStack.swift */; };
		8BA185572C6169920050A60C /* SettingsView.swift in Sources */ = {isa = PBXBuildFile; fileRef = 8BA185562C6169920050A60C /* SettingsView.swift */; };
		8BA1855C2C6175660050A60C /* ScannerNavigationStack.swift in Sources */ = {isa = PBXBuildFile; fileRef = 8BA1855B2C6175660050A60C /* ScannerNavigationStack.swift */; };
		8BA185602C61758D0050A60C /* ScannerView.swift in Sources */ = {isa = PBXBuildFile; fileRef = 8BA1855F2C61758D0050A60C /* ScannerView.swift */; };
		8BCB27DA2BE3A32000C7E61C /* HomeViewModel.swift in Sources */ = {isa = PBXBuildFile; fileRef = 8BCB27D92BE3A32000C7E61C /* HomeViewModel.swift */; };
		8BCB27DC2BE3A51400C7E61C /* VNClassificationObservation+confidenceString.swift in Sources */ = {isa = PBXBuildFile; fileRef = 8BCB27DB2BE3A51400C7E61C /* VNClassificationObservation+confidenceString.swift */; };
		8BCB27DE2BE3A54A00C7E61C /* Prediction.swift in Sources */ = {isa = PBXBuildFile; fileRef = 8BCB27DD2BE3A54A00C7E61C /* Prediction.swift */; };
		8BCB27E02BE3A6F300C7E61C /* CGImagePropertyOrientation.swift in Sources */ = {isa = PBXBuildFile; fileRef = 8BCB27DF2BE3A6F300C7E61C /* CGImagePropertyOrientation.swift */; };
		8BE647732C5F93AF00619D12 /* InsectsDetectorModel.mlpackage in Sources */ = {isa = PBXBuildFile; fileRef = 8BE647722C5F93AF00619D12 /* InsectsDetectorModel.mlpackage */; };
		8BFA92E72BDE72FF004D499A /* TabBar.swift in Sources */ = {isa = PBXBuildFile; fileRef = 8BFA92E62BDE72FF004D499A /* TabBar.swift */; };
		8BFA92EB2BDE74D6004D499A /* AppScreen.swift in Sources */ = {isa = PBXBuildFile; fileRef = 8BFA92EA2BDE74D6004D499A /* AppScreen.swift */; };
		8BFA92F02BDE75FC004D499A /* HomeNavigationStack.swift in Sources */ = {isa = PBXBuildFile; fileRef = 8BFA92EF2BDE75FC004D499A /* HomeNavigationStack.swift */; };
		8BFA92F22BDE7623004D499A /* HomeView.swift in Sources */ = {isa = PBXBuildFile; fileRef = 8BFA92F12BDE7623004D499A /* HomeView.swift */; };
/* End PBXBuildFile section */

/* Begin PBXContainerItemProxy section */
		8B13934F2BCAECAF00D33733 /* PBXContainerItemProxy */ = {
			isa = PBXContainerItemProxy;
			containerPortal = 8B1393362BCAECAE00D33733 /* Project object */;
			proxyType = 1;
			remoteGlobalIDString = 8B13933D2BCAECAE00D33733;
			remoteInfo = InsectsDetector;
		};
		8B1393592BCAECAF00D33733 /* PBXContainerItemProxy */ = {
			isa = PBXContainerItemProxy;
			containerPortal = 8B1393362BCAECAE00D33733 /* Project object */;
			proxyType = 1;
			remoteGlobalIDString = 8B13933D2BCAECAE00D33733;
			remoteInfo = InsectsDetector;
		};
/* End PBXContainerItemProxy section */

/* Begin PBXFileReference section */
		8B13933E2BCAECAE00D33733 /* InsectsDetector.app */ = {isa = PBXFileReference; explicitFileType = wrapper.application; includeInIndex = 0; path = InsectsDetector.app; sourceTree = BUILT_PRODUCTS_DIR; };
		8B1393412BCAECAE00D33733 /* InsectsDetectorApp.swift */ = {isa = PBXFileReference; lastKnownFileType = sourcecode.swift; path = InsectsDetectorApp.swift; sourceTree = "<group>"; };
		8B1393452BCAECAF00D33733 /* Assets.xcassets */ = {isa = PBXFileReference; lastKnownFileType = folder.assetcatalog; path = Assets.xcassets; sourceTree = "<group>"; };
		8B1393482BCAECAF00D33733 /* Preview Assets.xcassets */ = {isa = PBXFileReference; lastKnownFileType = folder.assetcatalog; path = "Preview Assets.xcassets"; sourceTree = "<group>"; };
		8B13934E2BCAECAF00D33733 /* InsectsDetectorTests.xctest */ = {isa = PBXFileReference; explicitFileType = wrapper.cfbundle; includeInIndex = 0; path = InsectsDetectorTests.xctest; sourceTree = BUILT_PRODUCTS_DIR; };
		8B1393522BCAECAF00D33733 /* InsectsDetectorTests.swift */ = {isa = PBXFileReference; lastKnownFileType = sourcecode.swift; path = InsectsDetectorTests.swift; sourceTree = "<group>"; };
		8B1393582BCAECAF00D33733 /* InsectsDetectorUITests.xctest */ = {isa = PBXFileReference; explicitFileType = wrapper.cfbundle; includeInIndex = 0; path = InsectsDetectorUITests.xctest; sourceTree = BUILT_PRODUCTS_DIR; };
		8B13935C2BCAECAF00D33733 /* InsectsDetectorUITests.swift */ = {isa = PBXFileReference; lastKnownFileType = sourcecode.swift; path = InsectsDetectorUITests.swift; sourceTree = "<group>"; };
		8B13935E2BCAECAF00D33733 /* InsectsDetectorUITestsLaunchTests.swift */ = {isa = PBXFileReference; lastKnownFileType = sourcecode.swift; path = InsectsDetectorUITestsLaunchTests.swift; sourceTree = "<group>"; };
		8B13936B2BCAECEC00D33733 /* ImagePredictor.swift */ = {isa = PBXFileReference; lastKnownFileType = sourcecode.swift; path = ImagePredictor.swift; sourceTree = "<group>"; };
		8BA185542C6169720050A60C /* SettingsNavigationStack.swift */ = {isa = PBXFileReference; lastKnownFileType = sourcecode.swift; path = SettingsNavigationStack.swift; sourceTree = "<group>"; };
		8BA185562C6169920050A60C /* SettingsView.swift */ = {isa = PBXFileReference; lastKnownFileType = sourcecode.swift; path = SettingsView.swift; sourceTree = "<group>"; };
		8BA1855B2C6175660050A60C /* ScannerNavigationStack.swift */ = {isa = PBXFileReference; lastKnownFileType = sourcecode.swift; path = ScannerNavigationStack.swift; sourceTree = "<group>"; };
		8BA1855F2C61758D0050A60C /* ScannerView.swift */ = {isa = PBXFileReference; lastKnownFileType = sourcecode.swift; path = ScannerView.swift; sourceTree = "<group>"; };
		8BCB27D92BE3A32000C7E61C /* HomeViewModel.swift */ = {isa = PBXFileReference; lastKnownFileType = sourcecode.swift; path = HomeViewModel.swift; sourceTree = "<group>"; };
		8BCB27DB2BE3A51400C7E61C /* VNClassificationObservation+confidenceString.swift */ = {isa = PBXFileReference; lastKnownFileType = sourcecode.swift; path = "VNClassificationObservation+confidenceString.swift"; sourceTree = "<group>"; };
		8BCB27DD2BE3A54A00C7E61C /* Prediction.swift */ = {isa = PBXFileReference; lastKnownFileType = sourcecode.swift; path = Prediction.swift; sourceTree = "<group>"; };
		8BCB27DF2BE3A6F300C7E61C /* CGImagePropertyOrientation.swift */ = {isa = PBXFileReference; lastKnownFileType = sourcecode.swift; path = CGImagePropertyOrientation.swift; sourceTree = "<group>"; };
		8BE647722C5F93AF00619D12 /* InsectsDetectorModel.mlpackage */ = {isa = PBXFileReference; lastKnownFileType = folder.mlpackage; path = InsectsDetectorModel.mlpackage; sourceTree = "<group>"; };
		8BFA92E62BDE72FF004D499A /* TabBar.swift */ = {isa = PBXFileReference; lastKnownFileType = sourcecode.swift; path = TabBar.swift; sourceTree = "<group>"; };
		8BFA92EA2BDE74D6004D499A /* AppScreen.swift */ = {isa = PBXFileReference; lastKnownFileType = sourcecode.swift; path = AppScreen.swift; sourceTree = "<group>"; };
		8BFA92EF2BDE75FC004D499A /* HomeNavigationStack.swift */ = {isa = PBXFileReference; lastKnownFileType = sourcecode.swift; path = HomeNavigationStack.swift; sourceTree = "<group>"; };
		8BFA92F12BDE7623004D499A /* HomeView.swift */ = {isa = PBXFileReference; lastKnownFileType = sourcecode.swift; path = HomeView.swift; sourceTree = "<group>"; };
/* End PBXFileReference section */

/* Begin PBXFrameworksBuildPhase section */
		8B13933B2BCAECAE00D33733 /* Frameworks */ = {
			isa = PBXFrameworksBuildPhase;
			buildActionMask = 2147483647;
			files = (
			);
			runOnlyForDeploymentPostprocessing = 0;
		};
		8B13934B2BCAECAF00D33733 /* Frameworks */ = {
			isa = PBXFrameworksBuildPhase;
			buildActionMask = 2147483647;
			files = (
			);
			runOnlyForDeploymentPostprocessing = 0;
		};
		8B1393552BCAECAF00D33733 /* Frameworks */ = {
			isa = PBXFrameworksBuildPhase;
			buildActionMask = 2147483647;
			files = (
			);
			runOnlyForDeploymentPostprocessing = 0;
		};
/* End PBXFrameworksBuildPhase section */

/* Begin PBXGroup section */
		8B1393352BCAECAE00D33733 = {
			isa = PBXGroup;
			children = (
				8B1393402BCAECAE00D33733 /* InsectsDetector */,
				8B1393512BCAECAF00D33733 /* InsectsDetectorTests */,
				8B13935B2BCAECAF00D33733 /* InsectsDetectorUITests */,
				8B13933F2BCAECAE00D33733 /* Products */,
			);
			sourceTree = "<group>";
		};
		8B13933F2BCAECAE00D33733 /* Products */ = {
			isa = PBXGroup;
			children = (
				8B13933E2BCAECAE00D33733 /* InsectsDetector.app */,
				8B13934E2BCAECAF00D33733 /* InsectsDetectorTests.xctest */,
				8B1393582BCAECAF00D33733 /* InsectsDetectorUITests.xctest */,
			);
			name = Products;
			sourceTree = "<group>";
		};
		8B1393402BCAECAE00D33733 /* InsectsDetector */ = {
			isa = PBXGroup;
			children = (
				8BA1855A2C6175570050A60C /* Scanner */,
				8BA185532C6169500050A60C /* Settings */,
				8B1393412BCAECAE00D33733 /* InsectsDetectorApp.swift */,
				8BFA92EC2BDE75CE004D499A /* Home */,
				8BFA92E92BDE74AD004D499A /* Model */,
				8BFA92E82BDE749A004D499A /* Navigation */,
				8BCB27D62BE39E4C00C7E61C /* Helpers */,
				8B1393452BCAECAF00D33733 /* Assets.xcassets */,
				8B1393472BCAECAF00D33733 /* Preview Content */,
			);
			path = InsectsDetector;
			sourceTree = "<group>";
		};
		8B1393472BCAECAF00D33733 /* Preview Content */ = {
			isa = PBXGroup;
			children = (
				8B1393482BCAECAF00D33733 /* Preview Assets.xcassets */,
			);
			path = "Preview Content";
			sourceTree = "<group>";
		};
		8B1393512BCAECAF00D33733 /* InsectsDetectorTests */ = {
			isa = PBXGroup;
			children = (
				8B1393522BCAECAF00D33733 /* InsectsDetectorTests.swift */,
			);
			path = InsectsDetectorTests;
			sourceTree = "<group>";
		};
		8B13935B2BCAECAF00D33733 /* InsectsDetectorUITests */ = {
			isa = PBXGroup;
			children = (
				8B13935C2BCAECAF00D33733 /* InsectsDetectorUITests.swift */,
				8B13935E2BCAECAF00D33733 /* InsectsDetectorUITestsLaunchTests.swift */,
			);
			path = InsectsDetectorUITests;
			sourceTree = "<group>";
		};
		8BA185532C6169500050A60C /* Settings */ = {
			isa = PBXGroup;
			children = (
				8BA185542C6169720050A60C /* SettingsNavigationStack.swift */,
				8BA185562C6169920050A60C /* SettingsView.swift */,
			);
			path = Settings;
			sourceTree = "<group>";
		};
		8BA1855A2C6175570050A60C /* Scanner */ = {
			isa = PBXGroup;
			children = (
				8BA1855B2C6175660050A60C /* ScannerNavigationStack.swift */,
				8BA1855F2C61758D0050A60C /* ScannerView.swift */,
			);
			path = Scanner;
			sourceTree = "<group>";
		};
		8BCB27D62BE39E4C00C7E61C /* Helpers */ = {
			isa = PBXGroup;
			children = (
				8BCB27DF2BE3A6F300C7E61C /* CGImagePropertyOrientation.swift */,
				8BCB27DB2BE3A51400C7E61C /* VNClassificationObservation+confidenceString.swift */,
			);
			path = Helpers;
			sourceTree = "<group>";
		};
		8BFA92E82BDE749A004D499A /* Navigation */ = {
			isa = PBXGroup;
			children = (
				8BFA92E62BDE72FF004D499A /* TabBar.swift */,
				8BFA92EA2BDE74D6004D499A /* AppScreen.swift */,
			);
			path = Navigation;
			sourceTree = "<group>";
		};
		8BFA92E92BDE74AD004D499A /* Model */ = {
			isa = PBXGroup;
			children = (
				8BE647722C5F93AF00619D12 /* InsectsDetectorModel.mlpackage */,
				8B13936B2BCAECEC00D33733 /* ImagePredictor.swift */,
				8BCB27DD2BE3A54A00C7E61C /* Prediction.swift */,
			);
			path = Model;
			sourceTree = "<group>";
		};
		8BFA92EC2BDE75CE004D499A /* Home */ = {
			isa = PBXGroup;
			children = (
				8BFA92EF2BDE75FC004D499A /* HomeNavigationStack.swift */,
				8BFA92F12BDE7623004D499A /* HomeView.swift */,
				8BCB27D92BE3A32000C7E61C /* HomeViewModel.swift */,
			);
			path = Home;
			sourceTree = "<group>";
		};
/* End PBXGroup section */

/* Begin PBXNativeTarget section */
		8B13933D2BCAECAE00D33733 /* InsectsDetector */ = {
			isa = PBXNativeTarget;
			buildConfigurationList = 8B1393622BCAECAF00D33733 /* Build configuration list for PBXNativeTarget "InsectsDetector" */;
			buildPhases = (
				8B13933A2BCAECAE00D33733 /* Sources */,
				8B13933B2BCAECAE00D33733 /* Frameworks */,
				8B13933C2BCAECAE00D33733 /* Resources */,
			);
			buildRules = (
			);
			dependencies = (
			);
			name = InsectsDetector;
			productName = InsectsDetector;
			productReference = 8B13933E2BCAECAE00D33733 /* InsectsDetector.app */;
			productType = "com.apple.product-type.application";
		};
		8B13934D2BCAECAF00D33733 /* InsectsDetectorTests */ = {
			isa = PBXNativeTarget;
			buildConfigurationList = 8B1393652BCAECAF00D33733 /* Build configuration list for PBXNativeTarget "InsectsDetectorTests" */;
			buildPhases = (
				8B13934A2BCAECAF00D33733 /* Sources */,
				8B13934B2BCAECAF00D33733 /* Frameworks */,
				8B13934C2BCAECAF00D33733 /* Resources */,
			);
			buildRules = (
			);
			dependencies = (
				8B1393502BCAECAF00D33733 /* PBXTargetDependency */,
			);
			name = InsectsDetectorTests;
			productName = InsectsDetectorTests;
			productReference = 8B13934E2BCAECAF00D33733 /* InsectsDetectorTests.xctest */;
			productType = "com.apple.product-type.bundle.unit-test";
		};
		8B1393572BCAECAF00D33733 /* InsectsDetectorUITests */ = {
			isa = PBXNativeTarget;
			buildConfigurationList = 8B1393682BCAECAF00D33733 /* Build configuration list for PBXNativeTarget "InsectsDetectorUITests" */;
			buildPhases = (
				8B1393542BCAECAF00D33733 /* Sources */,
				8B1393552BCAECAF00D33733 /* Frameworks */,
				8B1393562BCAECAF00D33733 /* Resources */,
			);
			buildRules = (
			);
			dependencies = (
				8B13935A2BCAECAF00D33733 /* PBXTargetDependency */,
			);
			name = InsectsDetectorUITests;
			productName = InsectsDetectorUITests;
			productReference = 8B1393582BCAECAF00D33733 /* InsectsDetectorUITests.xctest */;
			productType = "com.apple.product-type.bundle.ui-testing";
		};
/* End PBXNativeTarget section */

/* Begin PBXProject section */
		8B1393362BCAECAE00D33733 /* Project object */ = {
			isa = PBXProject;
			attributes = {
				BuildIndependentTargetsInParallel = 1;
				LastSwiftUpdateCheck = 1530;
				LastUpgradeCheck = 1530;
				TargetAttributes = {
					8B13933D2BCAECAE00D33733 = {
						CreatedOnToolsVersion = 15.3;
					};
					8B13934D2BCAECAF00D33733 = {
						CreatedOnToolsVersion = 15.3;
						TestTargetID = 8B13933D2BCAECAE00D33733;
					};
					8B1393572BCAECAF00D33733 = {
						CreatedOnToolsVersion = 15.3;
						TestTargetID = 8B13933D2BCAECAE00D33733;
					};
				};
			};
			buildConfigurationList = 8B1393392BCAECAE00D33733 /* Build configuration list for PBXProject "InsectsDetector" */;
			compatibilityVersion = "Xcode 14.0";
			developmentRegion = en;
			hasScannedForEncodings = 0;
			knownRegions = (
				en,
				Base,
			);
			mainGroup = 8B1393352BCAECAE00D33733;
			productRefGroup = 8B13933F2BCAECAE00D33733 /* Products */;
			projectDirPath = "";
			projectRoot = "";
			targets = (
				8B13933D2BCAECAE00D33733 /* InsectsDetector */,
				8B13934D2BCAECAF00D33733 /* InsectsDetectorTests */,
				8B1393572BCAECAF00D33733 /* InsectsDetectorUITests */,
			);
		};
/* End PBXProject section */

/* Begin PBXResourcesBuildPhase section */
		8B13933C2BCAECAE00D33733 /* Resources */ = {
			isa = PBXResourcesBuildPhase;
			buildActionMask = 2147483647;
			files = (
				8B1393492BCAECAF00D33733 /* Preview Assets.xcassets in Resources */,
				8B1393462BCAECAF00D33733 /* Assets.xcassets in Resources */,
			);
			runOnlyForDeploymentPostprocessing = 0;
		};
		8B13934C2BCAECAF00D33733 /* Resources */ = {
			isa = PBXResourcesBuildPhase;
			buildActionMask = 2147483647;
			files = (
			);
			runOnlyForDeploymentPostprocessing = 0;
		};
		8B1393562BCAECAF00D33733 /* Resources */ = {
			isa = PBXResourcesBuildPhase;
			buildActionMask = 2147483647;
			files = (
			);
			runOnlyForDeploymentPostprocessing = 0;
		};
/* End PBXResourcesBuildPhase section */

/* Begin PBXSourcesBuildPhase section */
		8B13933A2BCAECAE00D33733 /* Sources */ = {
			isa = PBXSourcesBuildPhase;
			buildActionMask = 2147483647;
			files = (
				8BCB27DC2BE3A51400C7E61C /* VNClassificationObservation+confidenceString.swift in Sources */,
				8B1393422BCAECAE00D33733 /* InsectsDetectorApp.swift in Sources */,
				8BCB27DA2BE3A32000C7E61C /* HomeViewModel.swift in Sources */,
				8B13936C2BCAECED00D33733 /* ImagePredictor.swift in Sources */,
				8BFA92E72BDE72FF004D499A /* TabBar.swift in Sources */,
				8BCB27DE2BE3A54A00C7E61C /* Prediction.swift in Sources */,
				8BA185572C6169920050A60C /* SettingsView.swift in Sources */,
				8BA185552C6169720050A60C /* SettingsNavigationStack.swift in Sources */,
				8BFA92F22BDE7623004D499A /* HomeView.swift in Sources */,
				8BA185602C61758D0050A60C /* ScannerView.swift in Sources */,
				8BCB27E02BE3A6F300C7E61C /* CGImagePropertyOrientation.swift in Sources */,
				8BFA92EB2BDE74D6004D499A /* AppScreen.swift in Sources */,
				8BE647732C5F93AF00619D12 /* InsectsDetectorModel.mlpackage in Sources */,
				8BFA92F02BDE75FC004D499A /* HomeNavigationStack.swift in Sources */,
				8BA1855C2C6175660050A60C /* ScannerNavigationStack.swift in Sources */,
			);
			runOnlyForDeploymentPostprocessing = 0;
		};
		8B13934A2BCAECAF00D33733 /* Sources */ = {
			isa = PBXSourcesBuildPhase;
			buildActionMask = 2147483647;
			files = (
				8B1393532BCAECAF00D33733 /* InsectsDetectorTests.swift in Sources */,
			);
			runOnlyForDeploymentPostprocessing = 0;
		};
		8B1393542BCAECAF00D33733 /* Sources */ = {
			isa = PBXSourcesBuildPhase;
			buildActionMask = 2147483647;
			files = (
				8B13935F2BCAECAF00D33733 /* InsectsDetectorUITestsLaunchTests.swift in Sources */,
				8B13935D2BCAECAF00D33733 /* InsectsDetectorUITests.swift in Sources */,
			);
			runOnlyForDeploymentPostprocessing = 0;
		};
/* End PBXSourcesBuildPhase section */

/* Begin PBXTargetDependency section */
		8B1393502BCAECAF00D33733 /* PBXTargetDependency */ = {
			isa = PBXTargetDependency;
			target = 8B13933D2BCAECAE00D33733 /* InsectsDetector */;
			targetProxy = 8B13934F2BCAECAF00D33733 /* PBXContainerItemProxy */;
		};
		8B13935A2BCAECAF00D33733 /* PBXTargetDependency */ = {
			isa = PBXTargetDependency;
			target = 8B13933D2BCAECAE00D33733 /* InsectsDetector */;
			targetProxy = 8B1393592BCAECAF00D33733 /* PBXContainerItemProxy */;
		};
/* End PBXTargetDependency section */

/* Begin XCBuildConfiguration section */
		8B1393602BCAECAF00D33733 /* Debug */ = {
			isa = XCBuildConfiguration;
			buildSettings = {
				ALWAYS_SEARCH_USER_PATHS = NO;
				ASSETCATALOG_COMPILER_GENERATE_SWIFT_ASSET_SYMBOL_EXTENSIONS = YES;
				CLANG_ANALYZER_NONNULL = YES;
				CLANG_ANALYZER_NUMBER_OBJECT_CONVERSION = YES_AGGRESSIVE;
				CLANG_CXX_LANGUAGE_STANDARD = "gnu++20";
				CLANG_ENABLE_MODULES = YES;
				CLANG_ENABLE_OBJC_ARC = YES;
				CLANG_ENABLE_OBJC_WEAK = YES;
				CLANG_WARN_BLOCK_CAPTURE_AUTORELEASING = YES;
				CLANG_WARN_BOOL_CONVERSION = YES;
				CLANG_WARN_COMMA = YES;
				CLANG_WARN_CONSTANT_CONVERSION = YES;
				CLANG_WARN_DEPRECATED_OBJC_IMPLEMENTATIONS = YES;
				CLANG_WARN_DIRECT_OBJC_ISA_USAGE = YES_ERROR;
				CLANG_WARN_DOCUMENTATION_COMMENTS = YES;
				CLANG_WARN_EMPTY_BODY = YES;
				CLANG_WARN_ENUM_CONVERSION = YES;
				CLANG_WARN_INFINITE_RECURSION = YES;
				CLANG_WARN_INT_CONVERSION = YES;
				CLANG_WARN_NON_LITERAL_NULL_CONVERSION = YES;
				CLANG_WARN_OBJC_IMPLICIT_RETAIN_SELF = YES;
				CLANG_WARN_OBJC_LITERAL_CONVERSION = YES;
				CLANG_WARN_OBJC_ROOT_CLASS = YES_ERROR;
				CLANG_WARN_QUOTED_INCLUDE_IN_FRAMEWORK_HEADER = YES;
				CLANG_WARN_RANGE_LOOP_ANALYSIS = YES;
				CLANG_WARN_STRICT_PROTOTYPES = YES;
				CLANG_WARN_SUSPICIOUS_MOVE = YES;
				CLANG_WARN_UNGUARDED_AVAILABILITY = YES_AGGRESSIVE;
				CLANG_WARN_UNREACHABLE_CODE = YES;
				CLANG_WARN__DUPLICATE_METHOD_MATCH = YES;
				COPY_PHASE_STRIP = NO;
				DEBUG_INFORMATION_FORMAT = dwarf;
				ENABLE_STRICT_OBJC_MSGSEND = YES;
				ENABLE_TESTABILITY = YES;
				ENABLE_USER_SCRIPT_SANDBOXING = YES;
				GCC_C_LANGUAGE_STANDARD = gnu17;
				GCC_DYNAMIC_NO_PIC = NO;
				GCC_NO_COMMON_BLOCKS = YES;
				GCC_OPTIMIZATION_LEVEL = 0;
				GCC_PREPROCESSOR_DEFINITIONS = (
					"DEBUG=1",
					"$(inherited)",
				);
				GCC_WARN_64_TO_32_BIT_CONVERSION = YES;
				GCC_WARN_ABOUT_RETURN_TYPE = YES_ERROR;
				GCC_WARN_UNDECLARED_SELECTOR = YES;
				GCC_WARN_UNINITIALIZED_AUTOS = YES_AGGRESSIVE;
				GCC_WARN_UNUSED_FUNCTION = YES;
				GCC_WARN_UNUSED_VARIABLE = YES;
				IPHONEOS_DEPLOYMENT_TARGET = 17.4;
				LOCALIZATION_PREFERS_STRING_CATALOGS = YES;
				MTL_ENABLE_DEBUG_INFO = INCLUDE_SOURCE;
				MTL_FAST_MATH = YES;
				ONLY_ACTIVE_ARCH = YES;
				SDKROOT = iphoneos;
				SWIFT_ACTIVE_COMPILATION_CONDITIONS = "DEBUG $(inherited)";
				SWIFT_OPTIMIZATION_LEVEL = "-Onone";
			};
			name = Debug;
		};
		8B1393612BCAECAF00D33733 /* Release */ = {
			isa = XCBuildConfiguration;
			buildSettings = {
				ALWAYS_SEARCH_USER_PATHS = NO;
				ASSETCATALOG_COMPILER_GENERATE_SWIFT_ASSET_SYMBOL_EXTENSIONS = YES;
				CLANG_ANALYZER_NONNULL = YES;
				CLANG_ANALYZER_NUMBER_OBJECT_CONVERSION = YES_AGGRESSIVE;
				CLANG_CXX_LANGUAGE_STANDARD = "gnu++20";
				CLANG_ENABLE_MODULES = YES;
				CLANG_ENABLE_OBJC_ARC = YES;
				CLANG_ENABLE_OBJC_WEAK = YES;
				CLANG_WARN_BLOCK_CAPTURE_AUTORELEASING = YES;
				CLANG_WARN_BOOL_CONVERSION = YES;
				CLANG_WARN_COMMA = YES;
				CLANG_WARN_CONSTANT_CONVERSION = YES;
				CLANG_WARN_DEPRECATED_OBJC_IMPLEMENTATIONS = YES;
				CLANG_WARN_DIRECT_OBJC_ISA_USAGE = YES_ERROR;
				CLANG_WARN_DOCUMENTATION_COMMENTS = YES;
				CLANG_WARN_EMPTY_BODY = YES;
				CLANG_WARN_ENUM_CONVERSION = YES;
				CLANG_WARN_INFINITE_RECURSION = YES;
				CLANG_WARN_INT_CONVERSION = YES;
				CLANG_WARN_NON_LITERAL_NULL_CONVERSION = YES;
				CLANG_WARN_OBJC_IMPLICIT_RETAIN_SELF = YES;
				CLANG_WARN_OBJC_LITERAL_CONVERSION = YES;
				CLANG_WARN_OBJC_ROOT_CLASS = YES_ERROR;
				CLANG_WARN_QUOTED_INCLUDE_IN_FRAMEWORK_HEADER = YES;
				CLANG_WARN_RANGE_LOOP_ANALYSIS = YES;
				CLANG_WARN_STRICT_PROTOTYPES = YES;
				CLANG_WARN_SUSPICIOUS_MOVE = YES;
				CLANG_WARN_UNGUARDED_AVAILABILITY = YES_AGGRESSIVE;
				CLANG_WARN_UNREACHABLE_CODE = YES;
				CLANG_WARN__DUPLICATE_METHOD_MATCH = YES;
				COPY_PHASE_STRIP = NO;
				DEBUG_INFORMATION_FORMAT = "dwarf-with-dsym";
				ENABLE_NS_ASSERTIONS = NO;
				ENABLE_STRICT_OBJC_MSGSEND = YES;
				ENABLE_USER_SCRIPT_SANDBOXING = YES;
				GCC_C_LANGUAGE_STANDARD = gnu17;
				GCC_NO_COMMON_BLOCKS = YES;
				GCC_WARN_64_TO_32_BIT_CONVERSION = YES;
				GCC_WARN_ABOUT_RETURN_TYPE = YES_ERROR;
				GCC_WARN_UNDECLARED_SELECTOR = YES;
				GCC_WARN_UNINITIALIZED_AUTOS = YES_AGGRESSIVE;
				GCC_WARN_UNUSED_FUNCTION = YES;
				GCC_WARN_UNUSED_VARIABLE = YES;
				IPHONEOS_DEPLOYMENT_TARGET = 17.4;
				LOCALIZATION_PREFERS_STRING_CATALOGS = YES;
				MTL_ENABLE_DEBUG_INFO = NO;
				MTL_FAST_MATH = YES;
				SDKROOT = iphoneos;
				SWIFT_COMPILATION_MODE = wholemodule;
				VALIDATE_PRODUCT = YES;
			};
			name = Release;
		};
		8B1393632BCAECAF00D33733 /* Debug */ = {
			isa = XCBuildConfiguration;
			buildSettings = {
				ASSETCATALOG_COMPILER_APPICON_NAME = AppIcon;
				ASSETCATALOG_COMPILER_GLOBAL_ACCENT_COLOR_NAME = AccentColor;
				CODE_SIGN_STYLE = Automatic;
				CURRENT_PROJECT_VERSION = 1;
				DEVELOPMENT_ASSET_PATHS = "\"InsectsDetector/Preview Content\"";
				DEVELOPMENT_TEAM = FQPC8VYA96;
				ENABLE_PREVIEWS = YES;
				GENERATE_INFOPLIST_FILE = YES;
				INFOPLIST_KEY_NSCameraUsageDescription = "Enable camera usage";
				INFOPLIST_KEY_UIApplicationSceneManifest_Generation = YES;
				INFOPLIST_KEY_UIApplicationSupportsIndirectInputEvents = YES;
				INFOPLIST_KEY_UILaunchScreen_Generation = YES;
				INFOPLIST_KEY_UISupportedInterfaceOrientations_iPad = "UIInterfaceOrientationPortrait UIInterfaceOrientationPortraitUpsideDown UIInterfaceOrientationLandscapeLeft UIInterfaceOrientationLandscapeRight";
				INFOPLIST_KEY_UISupportedInterfaceOrientations_iPhone = "UIInterfaceOrientationPortrait UIInterfaceOrientationLandscapeLeft UIInterfaceOrientationLandscapeRight";
				LD_RUNPATH_SEARCH_PATHS = (
					"$(inherited)",
					"@executable_path/Frameworks",
				);
				MARKETING_VERSION = 1.0;
				PRODUCT_BUNDLE_IDENTIFIER = com.tttomasz.InsectsDetector;
				PRODUCT_NAME = "$(TARGET_NAME)";
				SWIFT_EMIT_LOC_STRINGS = YES;
				SWIFT_VERSION = 5.0;
				TARGETED_DEVICE_FAMILY = "1,2";
			};
			name = Debug;
		};
		8B1393642BCAECAF00D33733 /* Release */ = {
			isa = XCBuildConfiguration;
			buildSettings = {
				ASSETCATALOG_COMPILER_APPICON_NAME = AppIcon;
				ASSETCATALOG_COMPILER_GLOBAL_ACCENT_COLOR_NAME = AccentColor;
				CODE_SIGN_STYLE = Automatic;
				CURRENT_PROJECT_VERSION = 1;
				DEVELOPMENT_ASSET_PATHS = "\"InsectsDetector/Preview Content\"";
				DEVELOPMENT_TEAM = FQPC8VYA96;
				ENABLE_PREVIEWS = YES;
				GENERATE_INFOPLIST_FILE = YES;
				INFOPLIST_KEY_NSCameraUsageDescription = "Enable camera usage";
				INFOPLIST_KEY_UIApplicationSceneManifest_Generation = YES;
				INFOPLIST_KEY_UIApplicationSupportsIndirectInputEvents = YES;
				INFOPLIST_KEY_UILaunchScreen_Generation = YES;
				INFOPLIST_KEY_UISupportedInterfaceOrientations_iPad = "UIInterfaceOrientationPortrait UIInterfaceOrientationPortraitUpsideDown UIInterfaceOrientationLandscapeLeft UIInterfaceOrientationLandscapeRight";
				INFOPLIST_KEY_UISupportedInterfaceOrientations_iPhone = "UIInterfaceOrientationPortrait UIInterfaceOrientationLandscapeLeft UIInterfaceOrientationLandscapeRight";
				LD_RUNPATH_SEARCH_PATHS = (
					"$(inherited)",
					"@executable_path/Frameworks",
				);
				MARKETING_VERSION = 1.0;
				PRODUCT_BUNDLE_IDENTIFIER = com.tttomasz.InsectsDetector;
				PRODUCT_NAME = "$(TARGET_NAME)";
				SWIFT_EMIT_LOC_STRINGS = YES;
				SWIFT_VERSION = 5.0;
				TARGETED_DEVICE_FAMILY = "1,2";
			};
			name = Release;
		};
		8B1393662BCAECAF00D33733 /* Debug */ = {
			isa = XCBuildConfiguration;
			buildSettings = {
				ALWAYS_EMBED_SWIFT_STANDARD_LIBRARIES = YES;
				BUNDLE_LOADER = "$(TEST_HOST)";
				CODE_SIGN_STYLE = Automatic;
				CURRENT_PROJECT_VERSION = 1;
				DEVELOPMENT_TEAM = FQPC8VYA96;
				GENERATE_INFOPLIST_FILE = YES;
				IPHONEOS_DEPLOYMENT_TARGET = 17.4;
				MARKETING_VERSION = 1.0;
				PRODUCT_BUNDLE_IDENTIFIER = com.tttomasz.InsectsDetectorTests;
				PRODUCT_NAME = "$(TARGET_NAME)";
				SWIFT_EMIT_LOC_STRINGS = NO;
				SWIFT_VERSION = 5.0;
				TARGETED_DEVICE_FAMILY = "1,2";
				TEST_HOST = "$(BUILT_PRODUCTS_DIR)/InsectsDetector.app/$(BUNDLE_EXECUTABLE_FOLDER_PATH)/InsectsDetector";
			};
			name = Debug;
		};
		8B1393672BCAECAF00D33733 /* Release */ = {
			isa = XCBuildConfiguration;
			buildSettings = {
				ALWAYS_EMBED_SWIFT_STANDARD_LIBRARIES = YES;
				BUNDLE_LOADER = "$(TEST_HOST)";
				CODE_SIGN_STYLE = Automatic;
				CURRENT_PROJECT_VERSION = 1;
				DEVELOPMENT_TEAM = FQPC8VYA96;
				GENERATE_INFOPLIST_FILE = YES;
				IPHONEOS_DEPLOYMENT_TARGET = 17.4;
				MARKETING_VERSION = 1.0;
				PRODUCT_BUNDLE_IDENTIFIER = com.tttomasz.InsectsDetectorTests;
				PRODUCT_NAME = "$(TARGET_NAME)";
				SWIFT_EMIT_LOC_STRINGS = NO;
				SWIFT_VERSION = 5.0;
				TARGETED_DEVICE_FAMILY = "1,2";
				TEST_HOST = "$(BUILT_PRODUCTS_DIR)/InsectsDetector.app/$(BUNDLE_EXECUTABLE_FOLDER_PATH)/InsectsDetector";
			};
			name = Release;
		};
		8B1393692BCAECAF00D33733 /* Debug */ = {
			isa = XCBuildConfiguration;
			buildSettings = {
				ALWAYS_EMBED_SWIFT_STANDARD_LIBRARIES = YES;
				CODE_SIGN_STYLE = Automatic;
				CURRENT_PROJECT_VERSION = 1;
				DEVELOPMENT_TEAM = FQPC8VYA96;
				GENERATE_INFOPLIST_FILE = YES;
				MARKETING_VERSION = 1.0;
				PRODUCT_BUNDLE_IDENTIFIER = com.tttomasz.InsectsDetectorUITests;
				PRODUCT_NAME = "$(TARGET_NAME)";
				SWIFT_EMIT_LOC_STRINGS = NO;
				SWIFT_VERSION = 5.0;
				TARGETED_DEVICE_FAMILY = "1,2";
				TEST_TARGET_NAME = InsectsDetector;
			};
			name = Debug;
		};
		8B13936A2BCAECAF00D33733 /* Release */ = {
			isa = XCBuildConfiguration;
			buildSettings = {
				ALWAYS_EMBED_SWIFT_STANDARD_LIBRARIES = YES;
				CODE_SIGN_STYLE = Automatic;
				CURRENT_PROJECT_VERSION = 1;
				DEVELOPMENT_TEAM = FQPC8VYA96;
				GENERATE_INFOPLIST_FILE = YES;
				MARKETING_VERSION = 1.0;
				PRODUCT_BUNDLE_IDENTIFIER = com.tttomasz.InsectsDetectorUITests;
				PRODUCT_NAME = "$(TARGET_NAME)";
				SWIFT_EMIT_LOC_STRINGS = NO;
				SWIFT_VERSION = 5.0;
				TARGETED_DEVICE_FAMILY = "1,2";
				TEST_TARGET_NAME = InsectsDetector;
			};
			name = Release;
		};
/* End XCBuildConfiguration section */

/* Begin XCConfigurationList section */
		8B1393392BCAECAE00D33733 /* Build configuration list for PBXProject "InsectsDetector" */ = {
			isa = XCConfigurationList;
			buildConfigurations = (
				8B1393602BCAECAF00D33733 /* Debug */,
				8B1393612BCAECAF00D33733 /* Release */,
			);
			defaultConfigurationIsVisible = 0;
			defaultConfigurationName = Release;
		};
		8B1393622BCAECAF00D33733 /* Build configuration list for PBXNativeTarget "InsectsDetector" */ = {
			isa = XCConfigurationList;
			buildConfigurations = (
				8B1393632BCAECAF00D33733 /* Debug */,
				8B1393642BCAECAF00D33733 /* Release */,
			);
			defaultConfigurationIsVisible = 0;
			defaultConfigurationName = Release;
		};
		8B1393652BCAECAF00D33733 /* Build configuration list for PBXNativeTarget "InsectsDetectorTests" */ = {
			isa = XCConfigurationList;
			buildConfigurations = (
				8B1393662BCAECAF00D33733 /* Debug */,
				8B1393672BCAECAF00D33733 /* Release */,
			);
			defaultConfigurationIsVisible = 0;
			defaultConfigurationName = Release;
		};
		8B1393682BCAECAF00D33733 /* Build configuration list for PBXNativeTarget "InsectsDetectorUITests" */ = {
			isa = XCConfigurationList;
			buildConfigurations = (
				8B1393692BCAECAF00D33733 /* Debug */,
				8B13936A2BCAECAF00D33733 /* Release */,
			);
			defaultConfigurationIsVisible = 0;
			defaultConfigurationName = Release;
		};
/* End XCConfigurationList section */
	};
	rootObject = 8B1393362BCAECAE00D33733 /* Project object */;
}
