// !$*UTF8*$!
{
	archiveVersion = 1;
	classes = {
	};
	objectVersion = 56;
	objects = {

/* Begin PBXBuildFile section */
		8B1393422BCAECAE00D33733 /* InsectsDetectorApp.swift in Sources */ = {isa = PBXBuildFile; fileRef = 8B1393412BCAECAE00D33733 /* InsectsDetectorApp.swift */; };
		8B1393462BCAECAF00D33733 /* Assets.xcassets in Resources */ = {isa = PBXBuildFile; fileRef = 8B1393452BCAECAF00D33733 /* Assets.xcassets */; };
		8B1393492BCAECAF00D33733 /* Preview Assets.xcassets in Resources */ = {isa = PBXBuildFile; fileRef = 8B1393482BCAECAF00D33733 /* Preview Assets.xcassets */; };
		8B1393532BCAECAF00D33733 /* HomeViewModelTests.swift in Sources */ = {isa = PBXBuildFile; fileRef = 8B1393522BCAECAF00D33733 /* HomeViewModelTests.swift */; };
		8B13936C2BCAECED00D33733 /* ImagePredictor.swift in Sources */ = {isa = PBXBuildFile; fileRef = 8B13936B2BCAECEC00D33733 /* ImagePredictor.swift */; };
		8B60E2BF2CDE13B6008E56F2 /* SettingViewModelTests.swift in Sources */ = {isa = PBXBuildFile; fileRef = 8B60E2BE2CDE13B6008E56F2 /* SettingViewModelTests.swift */; };
		8B60E2C12CDE140C008E56F2 /* CameraManagerTests.swift in Sources */ = {isa = PBXBuildFile; fileRef = 8B60E2C02CDE140C008E56F2 /* CameraManagerTests.swift */; };
		8B60E2CA2CDE165B008E56F2 /* ScannerDataModelTests.swift in Sources */ = {isa = PBXBuildFile; fileRef = 8B60E2C92CDE165B008E56F2 /* ScannerDataModelTests.swift */; };
		8B60E2D12CDE19D1008E56F2 /* MockScannerDataModel.swift in Sources */ = {isa = PBXBuildFile; fileRef = 8B60E2D02CDE19C7008E56F2 /* MockScannerDataModel.swift */; };
		8B60E2D32CDE1B43008E56F2 /* MockImagePredictor.swift in Sources */ = {isa = PBXBuildFile; fileRef = 8B60E2D22CDE1B43008E56F2 /* MockImagePredictor.swift */; };
		8B60E2D52CDE1B5A008E56F2 /* DetectInsectDataModelTests.swift in Sources */ = {isa = PBXBuildFile; fileRef = 8B60E2D42CDE1B5A008E56F2 /* DetectInsectDataModelTests.swift */; };
		8B9002A42CDE994600BD0CEE /* DetectedInsectItemViewModelTests.swift in Sources */ = {isa = PBXBuildFile; fileRef = 8B9002A32CDE994600BD0CEE /* DetectedInsectItemViewModelTests.swift */; };
		8B9002A62CDE9A0100BD0CEE /* DetectedInsectDetailDataModelTests.swift in Sources */ = {isa = PBXBuildFile; fileRef = 8B9002A52CDE9A0100BD0CEE /* DetectedInsectDetailDataModelTests.swift */; };
		8B9002A82CDE9E0200BD0CEE /* DetectedInsectTests.swift in Sources */ = {isa = PBXBuildFile; fileRef = 8B9002A72CDE9E0200BD0CEE /* DetectedInsectTests.swift */; };
		8B9002AA2CDE9E4500BD0CEE /* AppScreenTests.swift in Sources */ = {isa = PBXBuildFile; fileRef = 8B9002A92CDE9E4500BD0CEE /* AppScreenTests.swift */; };
		8B9002AC2CDE9E9500BD0CEE /* ImagePredictorTests.swift in Sources */ = {isa = PBXBuildFile; fileRef = 8B9002AB2CDE9E9500BD0CEE /* ImagePredictorTests.swift */; };
		8BA185552C6169720050A60C /* SettingsNavigationStack.swift in Sources */ = {isa = PBXBuildFile; fileRef = 8BA185542C6169720050A60C /* SettingsNavigationStack.swift */; };
		8BA185572C6169920050A60C /* SettingsView.swift in Sources */ = {isa = PBXBuildFile; fileRef = 8BA185562C6169920050A60C /* SettingsView.swift */; };
		8BA185602C61758D0050A60C /* ScannerView.swift in Sources */ = {isa = PBXBuildFile; fileRef = 8BA1855F2C61758D0050A60C /* ScannerView.swift */; };
		8BA1859E2C63AEC20050A60C /* ScannerDataModel.swift in Sources */ = {isa = PBXBuildFile; fileRef = 8BA1859D2C63AEC20050A60C /* ScannerDataModel.swift */; };
		8BA185A02C63FC060050A60C /* ButtonsView.swift in Sources */ = {isa = PBXBuildFile; fileRef = 8BA1859F2C63FC060050A60C /* ButtonsView.swift */; };
		8BA185A22C63FCBF0050A60C /* ThumbnailView.swift in Sources */ = {isa = PBXBuildFile; fileRef = 8BA185A12C63FCBF0050A60C /* ThumbnailView.swift */; };
		8BA185A92C6548810050A60C /* CameraManager.swift in Sources */ = {isa = PBXBuildFile; fileRef = 8BA185A82C6548810050A60C /* CameraManager.swift */; };
		8BA185AB2C6549D80050A60C /* PhotoLibrary.swift in Sources */ = {isa = PBXBuildFile; fileRef = 8BA185AA2C6549D80050A60C /* PhotoLibrary.swift */; };
		8BA185AD2C654EAA0050A60C /* CMSampleBuffer+Extension.swift in Sources */ = {isa = PBXBuildFile; fileRef = 8BA185AC2C654EAA0050A60C /* CMSampleBuffer+Extension.swift */; };
		8BA185AF2C654EC50050A60C /* CIImage+Extension.swift in Sources */ = {isa = PBXBuildFile; fileRef = 8BA185AE2C654EC50050A60C /* CIImage+Extension.swift */; };
		8BA185B52C6BC74D0050A60C /* CGImage+Extension.swift in Sources */ = {isa = PBXBuildFile; fileRef = 8BA185B42C6BC74D0050A60C /* CGImage+Extension.swift */; };
		8BA185B92C6BC9BA0050A60C /* Image+Extension.swift in Sources */ = {isa = PBXBuildFile; fileRef = 8BA185B82C6BC9BA0050A60C /* Image+Extension.swift */; };
		8BA185BC2C6BCC910050A60C /* DetectInsectView.swift in Sources */ = {isa = PBXBuildFile; fileRef = 8BA185BB2C6BCC910050A60C /* DetectInsectView.swift */; };
		8BA185BE2C6E11480050A60C /* DetectInsectDataModel.swift in Sources */ = {isa = PBXBuildFile; fileRef = 8BA185BD2C6E11480050A60C /* DetectInsectDataModel.swift */; };
		8BA185C02C6E1A930050A60C /* UIImage+Extension.swift in Sources */ = {isa = PBXBuildFile; fileRef = 8BA185BF2C6E1A920050A60C /* UIImage+Extension.swift */; };
		8BA185C22C6E38600050A60C /* ScannerNavigationStack.swift in Sources */ = {isa = PBXBuildFile; fileRef = 8BA185C12C6E38600050A60C /* ScannerNavigationStack.swift */; };
		8BA185C42C6E3CD60050A60C /* String+Extension.swift in Sources */ = {isa = PBXBuildFile; fileRef = 8BA185C32C6E3CD60050A60C /* String+Extension.swift */; };
		8BA185C92C6E881D0050A60C /* DetectedInsect.swift in Sources */ = {isa = PBXBuildFile; fileRef = 8BA185C82C6E881D0050A60C /* DetectedInsect.swift */; };
		8BA185CB2C6E99760050A60C /* SettingViewModel.swift in Sources */ = {isa = PBXBuildFile; fileRef = 8BA185CA2C6E99760050A60C /* SettingViewModel.swift */; };
		8BA185CE2C6EA5EA0050A60C /* DetectedInsectItemView.swift in Sources */ = {isa = PBXBuildFile; fileRef = 8BA185CD2C6EA5EA0050A60C /* DetectedInsectItemView.swift */; };
		8BA185D02C6EA9C80050A60C /* DetectedInsectItemViewModel.swift in Sources */ = {isa = PBXBuildFile; fileRef = 8BA185CF2C6EA9C80050A60C /* DetectedInsectItemViewModel.swift */; };
		8BA185D22C6EAD090050A60C /* DetectedInsectDetailDataModel.swift in Sources */ = {isa = PBXBuildFile; fileRef = 8BA185D12C6EAD090050A60C /* DetectedInsectDetailDataModel.swift */; };
		8BA185D52C6EAD350050A60C /* DetectedInsectDetailView.swift in Sources */ = {isa = PBXBuildFile; fileRef = 8BA185D42C6EAD350050A60C /* DetectedInsectDetailView.swift */; };
		8BA185DD2C6FCADE0050A60C /* SwiftyCrop in Frameworks */ = {isa = PBXBuildFile; productRef = 8BA185DC2C6FCADE0050A60C /* SwiftyCrop */; };
		8BCB27DA2BE3A32000C7E61C /* HomeViewModel.swift in Sources */ = {isa = PBXBuildFile; fileRef = 8BCB27D92BE3A32000C7E61C /* HomeViewModel.swift */; };
		8BCB27DC2BE3A51400C7E61C /* VNClassificationObservation+confidenceString.swift in Sources */ = {isa = PBXBuildFile; fileRef = 8BCB27DB2BE3A51400C7E61C /* VNClassificationObservation+confidenceString.swift */; };
		8BCB27DE2BE3A54A00C7E61C /* Prediction.swift in Sources */ = {isa = PBXBuildFile; fileRef = 8BCB27DD2BE3A54A00C7E61C /* Prediction.swift */; };
		8BCB27E02BE3A6F300C7E61C /* CGImagePropertyOrientation.swift in Sources */ = {isa = PBXBuildFile; fileRef = 8BCB27DF2BE3A6F300C7E61C /* CGImagePropertyOrientation.swift */; };
		8BE647732C5F93AF00619D12 /* InsectsDetectorModel.mlpackage in Sources */ = {isa = PBXBuildFile; fileRef = 8BE647722C5F93AF00619D12 /* InsectsDetectorModel.mlpackage */; };
		8BF7B1B22CD2A959007B0180 /* Localizable.xcstrings in Resources */ = {isa = PBXBuildFile; fileRef = 8BF7B1B12CD2A959007B0180 /* Localizable.xcstrings */; };
		8BF7B1B42CD2AFED007B0180 /* Insect.swift in Sources */ = {isa = PBXBuildFile; fileRef = 8BF7B1B32CD2AFE9007B0180 /* Insect.swift */; };
		8BF7B1B62CD2B390007B0180 /* LearnMoreView.swift in Sources */ = {isa = PBXBuildFile; fileRef = 8BF7B1B52CD2B390007B0180 /* LearnMoreView.swift */; };
		8BF7B1B92CD2B3EA007B0180 /* LearnMoreDataModel.swift in Sources */ = {isa = PBXBuildFile; fileRef = 8BF7B1B82CD2B3E3007B0180 /* LearnMoreDataModel.swift */; };
		8BFA92E72BDE72FF004D499A /* TabBar.swift in Sources */ = {isa = PBXBuildFile; fileRef = 8BFA92E62BDE72FF004D499A /* TabBar.swift */; };
		8BFA92EB2BDE74D6004D499A /* AppScreen.swift in Sources */ = {isa = PBXBuildFile; fileRef = 8BFA92EA2BDE74D6004D499A /* AppScreen.swift */; };
		8BFA92F02BDE75FC004D499A /* HomeNavigationStack.swift in Sources */ = {isa = PBXBuildFile; fileRef = 8BFA92EF2BDE75FC004D499A /* HomeNavigationStack.swift */; };
		8BFA92F22BDE7623004D499A /* HomeView.swift in Sources */ = {isa = PBXBuildFile; fileRef = 8BFA92F12BDE7623004D499A /* HomeView.swift */; };
/* End PBXBuildFile section */

/* Begin PBXContainerItemProxy section */
		8B13934F2BCAECAF00D33733 /* PBXContainerItemProxy */ = {
			isa = PBXContainerItemProxy;
			containerPortal = 8B1393362BCAECAE00D33733 /* Project object */;
			proxyType = 1;
			remoteGlobalIDString = 8B13933D2BCAECAE00D33733;
			remoteInfo = InsectsDetector;
		};
/* End PBXContainerItemProxy section */

/* Begin PBXFileReference section */
		8B13933E2BCAECAE00D33733 /* InsectsDetector.app */ = {isa = PBXFileReference; explicitFileType = wrapper.application; includeInIndex = 0; path = InsectsDetector.app; sourceTree = BUILT_PRODUCTS_DIR; };
		8B1393412BCAECAE00D33733 /* InsectsDetectorApp.swift */ = {isa = PBXFileReference; lastKnownFileType = sourcecode.swift; path = InsectsDetectorApp.swift; sourceTree = "<group>"; };
		8B1393452BCAECAF00D33733 /* Assets.xcassets */ = {isa = PBXFileReference; lastKnownFileType = folder.assetcatalog; path = Assets.xcassets; sourceTree = "<group>"; };
		8B1393482BCAECAF00D33733 /* Preview Assets.xcassets */ = {isa = PBXFileReference; lastKnownFileType = folder.assetcatalog; path = "Preview Assets.xcassets"; sourceTree = "<group>"; };
		8B13934E2BCAECAF00D33733 /* InsectsDetectorTests.xctest */ = {isa = PBXFileReference; explicitFileType = wrapper.cfbundle; includeInIndex = 0; path = InsectsDetectorTests.xctest; sourceTree = BUILT_PRODUCTS_DIR; };
		8B1393522BCAECAF00D33733 /* HomeViewModelTests.swift */ = {isa = PBXFileReference; lastKnownFileType = sourcecode.swift; path = HomeViewModelTests.swift; sourceTree = "<group>"; };
		8B13936B2BCAECEC00D33733 /* ImagePredictor.swift */ = {isa = PBXFileReference; lastKnownFileType = sourcecode.swift; path = ImagePredictor.swift; sourceTree = "<group>"; };
		8B60E2BE2CDE13B6008E56F2 /* SettingViewModelTests.swift */ = {isa = PBXFileReference; lastKnownFileType = sourcecode.swift; path = SettingViewModelTests.swift; sourceTree = "<group>"; };
		8B60E2C02CDE140C008E56F2 /* CameraManagerTests.swift */ = {isa = PBXFileReference; lastKnownFileType = sourcecode.swift; path = CameraManagerTests.swift; sourceTree = "<group>"; };
		8B60E2C92CDE165B008E56F2 /* ScannerDataModelTests.swift */ = {isa = PBXFileReference; lastKnownFileType = sourcecode.swift; path = ScannerDataModelTests.swift; sourceTree = "<group>"; };
		8B60E2D02CDE19C7008E56F2 /* MockScannerDataModel.swift */ = {isa = PBXFileReference; lastKnownFileType = sourcecode.swift; path = MockScannerDataModel.swift; sourceTree = "<group>"; };
		8B60E2D22CDE1B43008E56F2 /* MockImagePredictor.swift */ = {isa = PBXFileReference; lastKnownFileType = sourcecode.swift; path = MockImagePredictor.swift; sourceTree = "<group>"; };
		8B60E2D42CDE1B5A008E56F2 /* DetectInsectDataModelTests.swift */ = {isa = PBXFileReference; lastKnownFileType = sourcecode.swift; path = DetectInsectDataModelTests.swift; sourceTree = "<group>"; };
		8B9002A32CDE994600BD0CEE /* DetectedInsectItemViewModelTests.swift */ = {isa = PBXFileReference; lastKnownFileType = sourcecode.swift; path = DetectedInsectItemViewModelTests.swift; sourceTree = "<group>"; };
		8B9002A52CDE9A0100BD0CEE /* DetectedInsectDetailDataModelTests.swift */ = {isa = PBXFileReference; lastKnownFileType = sourcecode.swift; path = DetectedInsectDetailDataModelTests.swift; sourceTree = "<group>"; };
		8B9002A72CDE9E0200BD0CEE /* DetectedInsectTests.swift */ = {isa = PBXFileReference; lastKnownFileType = sourcecode.swift; path = DetectedInsectTests.swift; sourceTree = "<group>"; };
		8B9002A92CDE9E4500BD0CEE /* AppScreenTests.swift */ = {isa = PBXFileReference; lastKnownFileType = sourcecode.swift; path = AppScreenTests.swift; sourceTree = "<group>"; };
		8B9002AB2CDE9E9500BD0CEE /* ImagePredictorTests.swift */ = {isa = PBXFileReference; lastKnownFileType = sourcecode.swift; path = ImagePredictorTests.swift; sourceTree = "<group>"; };
		8BA185542C6169720050A60C /* SettingsNavigationStack.swift */ = {isa = PBXFileReference; lastKnownFileType = sourcecode.swift; path = SettingsNavigationStack.swift; sourceTree = "<group>"; };
		8BA185562C6169920050A60C /* SettingsView.swift */ = {isa = PBXFileReference; lastKnownFileType = sourcecode.swift; path = SettingsView.swift; sourceTree = "<group>"; };
		8BA1855F2C61758D0050A60C /* ScannerView.swift */ = {isa = PBXFileReference; lastKnownFileType = sourcecode.swift; path = ScannerView.swift; sourceTree = "<group>"; };
		8BA1859D2C63AEC20050A60C /* ScannerDataModel.swift */ = {isa = PBXFileReference; lastKnownFileType = sourcecode.swift; path = ScannerDataModel.swift; sourceTree = "<group>"; };
		8BA1859F2C63FC060050A60C /* ButtonsView.swift */ = {isa = PBXFileReference; lastKnownFileType = sourcecode.swift; path = ButtonsView.swift; sourceTree = "<group>"; };
		8BA185A12C63FCBF0050A60C /* ThumbnailView.swift */ = {isa = PBXFileReference; lastKnownFileType = sourcecode.swift; path = ThumbnailView.swift; sourceTree = "<group>"; };
		8BA185A82C6548810050A60C /* CameraManager.swift */ = {isa = PBXFileReference; lastKnownFileType = sourcecode.swift; path = CameraManager.swift; sourceTree = "<group>"; };
		8BA185AA2C6549D80050A60C /* PhotoLibrary.swift */ = {isa = PBXFileReference; lastKnownFileType = sourcecode.swift; path = PhotoLibrary.swift; sourceTree = "<group>"; };
		8BA185AC2C654EAA0050A60C /* CMSampleBuffer+Extension.swift */ = {isa = PBXFileReference; lastKnownFileType = sourcecode.swift; path = "CMSampleBuffer+Extension.swift"; sourceTree = "<group>"; };
		8BA185AE2C654EC50050A60C /* CIImage+Extension.swift */ = {isa = PBXFileReference; lastKnownFileType = sourcecode.swift; path = "CIImage+Extension.swift"; sourceTree = "<group>"; };
		8BA185B42C6BC74D0050A60C /* CGImage+Extension.swift */ = {isa = PBXFileReference; lastKnownFileType = sourcecode.swift; path = "CGImage+Extension.swift"; sourceTree = "<group>"; };
		8BA185B82C6BC9BA0050A60C /* Image+Extension.swift */ = {isa = PBXFileReference; lastKnownFileType = sourcecode.swift; path = "Image+Extension.swift"; sourceTree = "<group>"; };
		8BA185BB2C6BCC910050A60C /* DetectInsectView.swift */ = {isa = PBXFileReference; lastKnownFileType = sourcecode.swift; path = DetectInsectView.swift; sourceTree = "<group>"; };
		8BA185BD2C6E11480050A60C /* DetectInsectDataModel.swift */ = {isa = PBXFileReference; lastKnownFileType = sourcecode.swift; path = DetectInsectDataModel.swift; sourceTree = "<group>"; };
		8BA185BF2C6E1A920050A60C /* UIImage+Extension.swift */ = {isa = PBXFileReference; lastKnownFileType = sourcecode.swift; path = "UIImage+Extension.swift"; sourceTree = "<group>"; };
		8BA185C12C6E38600050A60C /* ScannerNavigationStack.swift */ = {isa = PBXFileReference; fileEncoding = 4; lastKnownFileType = sourcecode.swift; path = ScannerNavigationStack.swift; sourceTree = "<group>"; };
		8BA185C32C6E3CD60050A60C /* String+Extension.swift */ = {isa = PBXFileReference; lastKnownFileType = sourcecode.swift; path = "String+Extension.swift"; sourceTree = "<group>"; };
		8BA185C82C6E881D0050A60C /* DetectedInsect.swift */ = {isa = PBXFileReference; lastKnownFileType = sourcecode.swift; path = DetectedInsect.swift; sourceTree = "<group>"; };
		8BA185CA2C6E99760050A60C /* SettingViewModel.swift */ = {isa = PBXFileReference; lastKnownFileType = sourcecode.swift; path = SettingViewModel.swift; sourceTree = "<group>"; };
		8BA185CD2C6EA5EA0050A60C /* DetectedInsectItemView.swift */ = {isa = PBXFileReference; lastKnownFileType = sourcecode.swift; path = DetectedInsectItemView.swift; sourceTree = "<group>"; };
		8BA185CF2C6EA9C80050A60C /* DetectedInsectItemViewModel.swift */ = {isa = PBXFileReference; lastKnownFileType = sourcecode.swift; path = DetectedInsectItemViewModel.swift; sourceTree = "<group>"; };
		8BA185D12C6EAD090050A60C /* DetectedInsectDetailDataModel.swift */ = {isa = PBXFileReference; lastKnownFileType = sourcecode.swift; path = DetectedInsectDetailDataModel.swift; sourceTree = "<group>"; };
		8BA185D42C6EAD350050A60C /* DetectedInsectDetailView.swift */ = {isa = PBXFileReference; lastKnownFileType = sourcecode.swift; path = DetectedInsectDetailView.swift; sourceTree = "<group>"; };
		8BCB27D92BE3A32000C7E61C /* HomeViewModel.swift */ = {isa = PBXFileReference; lastKnownFileType = sourcecode.swift; path = HomeViewModel.swift; sourceTree = "<group>"; };
		8BCB27DB2BE3A51400C7E61C /* VNClassificationObservation+confidenceString.swift */ = {isa = PBXFileReference; lastKnownFileType = sourcecode.swift; path = "VNClassificationObservation+confidenceString.swift"; sourceTree = "<group>"; };
		8BCB27DD2BE3A54A00C7E61C /* Prediction.swift */ = {isa = PBXFileReference; lastKnownFileType = sourcecode.swift; path = Prediction.swift; sourceTree = "<group>"; };
		8BCB27DF2BE3A6F300C7E61C /* CGImagePropertyOrientation.swift */ = {isa = PBXFileReference; lastKnownFileType = sourcecode.swift; path = CGImagePropertyOrientation.swift; sourceTree = "<group>"; };
		8BE647722C5F93AF00619D12 /* InsectsDetectorModel.mlpackage */ = {isa = PBXFileReference; lastKnownFileType = folder.mlpackage; path = InsectsDetectorModel.mlpackage; sourceTree = "<group>"; };
		8BF7B1B12CD2A959007B0180 /* Localizable.xcstrings */ = {isa = PBXFileReference; lastKnownFileType = text.json.xcstrings; path = Localizable.xcstrings; sourceTree = "<group>"; };
		8BF7B1B32CD2AFE9007B0180 /* Insect.swift */ = {isa = PBXFileReference; lastKnownFileType = sourcecode.swift; path = Insect.swift; sourceTree = "<group>"; };
		8BF7B1B52CD2B390007B0180 /* LearnMoreView.swift */ = {isa = PBXFileReference; lastKnownFileType = sourcecode.swift; path = LearnMoreView.swift; sourceTree = "<group>"; };
		8BF7B1B82CD2B3E3007B0180 /* LearnMoreDataModel.swift */ = {isa = PBXFileReference; lastKnownFileType = sourcecode.swift; path = LearnMoreDataModel.swift; sourceTree = "<group>"; };
		8BFA92E62BDE72FF004D499A /* TabBar.swift */ = {isa = PBXFileReference; lastKnownFileType = sourcecode.swift; path = TabBar.swift; sourceTree = "<group>"; };
		8BFA92EA2BDE74D6004D499A /* AppScreen.swift */ = {isa = PBXFileReference; lastKnownFileType = sourcecode.swift; path = AppScreen.swift; sourceTree = "<group>"; };
		8BFA92EF2BDE75FC004D499A /* HomeNavigationStack.swift */ = {isa = PBXFileReference; lastKnownFileType = sourcecode.swift; path = HomeNavigationStack.swift; sourceTree = "<group>"; };
		8BFA92F12BDE7623004D499A /* HomeView.swift */ = {isa = PBXFileReference; lastKnownFileType = sourcecode.swift; path = HomeView.swift; sourceTree = "<group>"; };
/* End PBXFileReference section */

/* Begin PBXFrameworksBuildPhase section */
		8B13933B2BCAECAE00D33733 /* Frameworks */ = {
			isa = PBXFrameworksBuildPhase;
			buildActionMask = 2147483647;
			files = (
				8BA185DD2C6FCADE0050A60C /* SwiftyCrop in Frameworks */,
			);
			runOnlyForDeploymentPostprocessing = 0;
		};
		8B13934B2BCAECAF00D33733 /* Frameworks */ = {
			isa = PBXFrameworksBuildPhase;
			buildActionMask = 2147483647;
			files = (
			);
			runOnlyForDeploymentPostprocessing = 0;
		};
/* End PBXFrameworksBuildPhase section */

/* Begin PBXGroup section */
		8B1393352BCAECAE00D33733 = {
			isa = PBXGroup;
			children = (
				8B1393402BCAECAE00D33733 /* InsectsDetector */,
				8B1393512BCAECAF00D33733 /* InsectsDetectorTests */,
				8B13933F2BCAECAE00D33733 /* Products */,
				8BA185DB2C6FCADE0050A60C /* Frameworks */,
			);
			sourceTree = "<group>";
		};
		8B13933F2BCAECAE00D33733 /* Products */ = {
			isa = PBXGroup;
			children = (
				8B13933E2BCAECAE00D33733 /* InsectsDetector.app */,
				8B13934E2BCAECAF00D33733 /* InsectsDetectorTests.xctest */,
			);
			name = Products;
			sourceTree = "<group>";
		};
		8B1393402BCAECAE00D33733 /* InsectsDetector */ = {
			isa = PBXGroup;
			children = (
				8B1393412BCAECAE00D33733 /* InsectsDetectorApp.swift */,
				8BA185C52C6E879D0050A60C /* Views */,
				8BFA92E92BDE74AD004D499A /* MLModel */,
				8BFA92E82BDE749A004D499A /* Navigation */,
				8BA185C72C6E87DA0050A60C /* Models */,
				8BA185C62C6E87CD0050A60C /* Resources */,
				8BCB27D62BE39E4C00C7E61C /* Helpers */,
				8B1393472BCAECAF00D33733 /* Preview Content */,
			);
			path = InsectsDetector;
			sourceTree = "<group>";
		};
		8B1393472BCAECAF00D33733 /* Preview Content */ = {
			isa = PBXGroup;
			children = (
				8B1393482BCAECAF00D33733 /* Preview Assets.xcassets */,
			);
			path = "Preview Content";
			sourceTree = "<group>";
		};
		8B1393512BCAECAF00D33733 /* InsectsDetectorTests */ = {
			isa = PBXGroup;
			children = (
				8B60E2CB2CDE1793008E56F2 /* Mocks */,
				8B9002AB2CDE9E9500BD0CEE /* ImagePredictorTests.swift */,
				8B9002A92CDE9E4500BD0CEE /* AppScreenTests.swift */,
				8B9002A72CDE9E0200BD0CEE /* DetectedInsectTests.swift */,
				8B9002A52CDE9A0100BD0CEE /* DetectedInsectDetailDataModelTests.swift */,
				8B9002A32CDE994600BD0CEE /* DetectedInsectItemViewModelTests.swift */,
				8B60E2D42CDE1B5A008E56F2 /* DetectInsectDataModelTests.swift */,
				8B60E2C92CDE165B008E56F2 /* ScannerDataModelTests.swift */,
				8B60E2C02CDE140C008E56F2 /* CameraManagerTests.swift */,
				8B60E2BE2CDE13B6008E56F2 /* SettingViewModelTests.swift */,
				8B1393522BCAECAF00D33733 /* HomeViewModelTests.swift */,
			);
			path = InsectsDetectorTests;
			sourceTree = "<group>";
		};
		8B60E2CB2CDE1793008E56F2 /* Mocks */ = {
			isa = PBXGroup;
			children = (
				8B60E2D02CDE19C7008E56F2 /* MockScannerDataModel.swift */,
				8B60E2D22CDE1B43008E56F2 /* MockImagePredictor.swift */,
			);
			path = Mocks;
			sourceTree = "<group>";
		};
		8BA185532C6169500050A60C /* Settings */ = {
			isa = PBXGroup;
			children = (
				8BA185542C6169720050A60C /* SettingsNavigationStack.swift */,
				8BA185562C6169920050A60C /* SettingsView.swift */,
				8BA185CA2C6E99760050A60C /* SettingViewModel.swift */,
			);
			path = Settings;
			sourceTree = "<group>";
		};
		8BA1855A2C6175570050A60C /* Scanner */ = {
			isa = PBXGroup;
			children = (
				8BA185C12C6E38600050A60C /* ScannerNavigationStack.swift */,
				8BA1855F2C61758D0050A60C /* ScannerView.swift */,
				8BA1859D2C63AEC20050A60C /* ScannerDataModel.swift */,
				8BA1859F2C63FC060050A60C /* ButtonsView.swift */,
				8BA185A12C63FCBF0050A60C /* ThumbnailView.swift */,
				8BA185A82C6548810050A60C /* CameraManager.swift */,
				8BA185AA2C6549D80050A60C /* PhotoLibrary.swift */,
			);
			path = Scanner;
			sourceTree = "<group>";
		};
		8BA185BA2C6BCC700050A60C /* DetectInsect */ = {
			isa = PBXGroup;
			children = (
				8BA185BB2C6BCC910050A60C /* DetectInsectView.swift */,
				8BA185BD2C6E11480050A60C /* DetectInsectDataModel.swift */,
			);
			path = DetectInsect;
			sourceTree = "<group>";
		};
		8BA185C52C6E879D0050A60C /* Views */ = {
			isa = PBXGroup;
			children = (
				8BF7B1B72CD2B396007B0180 /* LearnMore */,
				8BA185D32C6EAD240050A60C /* DetectedInsectDetail */,
				8BA185CC2C6EA5BF0050A60C /* DetectedInsectItem */,
				8BA185BA2C6BCC700050A60C /* DetectInsect */,
				8BA1855A2C6175570050A60C /* Scanner */,
				8BA185532C6169500050A60C /* Settings */,
				8BFA92EC2BDE75CE004D499A /* Home */,
			);
			path = Views;
			sourceTree = "<group>";
		};
		8BA185C62C6E87CD0050A60C /* Resources */ = {
			isa = PBXGroup;
			children = (
				8B1393452BCAECAF00D33733 /* Assets.xcassets */,
				8BF7B1B12CD2A959007B0180 /* Localizable.xcstrings */,
			);
			path = Resources;
			sourceTree = "<group>";
		};
		8BA185C72C6E87DA0050A60C /* Models */ = {
			isa = PBXGroup;
			children = (
				8BF7B1B32CD2AFE9007B0180 /* Insect.swift */,
				8BA185C82C6E881D0050A60C /* DetectedInsect.swift */,
			);
			name = Models;
			sourceTree = "<group>";
		};
		8BA185CC2C6EA5BF0050A60C /* DetectedInsectItem */ = {
			isa = PBXGroup;
			children = (
				8BA185CD2C6EA5EA0050A60C /* DetectedInsectItemView.swift */,
				8BA185CF2C6EA9C80050A60C /* DetectedInsectItemViewModel.swift */,
			);
			path = DetectedInsectItem;
			sourceTree = "<group>";
		};
		8BA185D32C6EAD240050A60C /* DetectedInsectDetail */ = {
			isa = PBXGroup;
			children = (
				8BA185D12C6EAD090050A60C /* DetectedInsectDetailDataModel.swift */,
				8BA185D42C6EAD350050A60C /* DetectedInsectDetailView.swift */,
			);
			path = DetectedInsectDetail;
			sourceTree = "<group>";
		};
		8BA185DB2C6FCADE0050A60C /* Frameworks */ = {
			isa = PBXGroup;
			children = (
			);
			name = Frameworks;
			sourceTree = "<group>";
		};
		8BCB27D62BE39E4C00C7E61C /* Helpers */ = {
			isa = PBXGroup;
			children = (
				8BCB27DF2BE3A6F300C7E61C /* CGImagePropertyOrientation.swift */,
				8BCB27DB2BE3A51400C7E61C /* VNClassificationObservation+confidenceString.swift */,
				8BA185AC2C654EAA0050A60C /* CMSampleBuffer+Extension.swift */,
				8BA185AE2C654EC50050A60C /* CIImage+Extension.swift */,
				8BA185B42C6BC74D0050A60C /* CGImage+Extension.swift */,
				8BA185B82C6BC9BA0050A60C /* Image+Extension.swift */,
				8BA185BF2C6E1A920050A60C /* UIImage+Extension.swift */,
				8BA185C32C6E3CD60050A60C /* String+Extension.swift */,
			);
			path = Helpers;
			sourceTree = "<group>";
		};
		8BF7B1B72CD2B396007B0180 /* LearnMore */ = {
			isa = PBXGroup;
			children = (
				8BF7B1B82CD2B3E3007B0180 /* LearnMoreDataModel.swift */,
				8BF7B1B52CD2B390007B0180 /* LearnMoreView.swift */,
			);
			path = LearnMore;
			sourceTree = "<group>";
		};
		8BFA92E82BDE749A004D499A /* Navigation */ = {
			isa = PBXGroup;
			children = (
				8BFA92E62BDE72FF004D499A /* TabBar.swift */,
				8BFA92EA2BDE74D6004D499A /* AppScreen.swift */,
			);
			path = Navigation;
			sourceTree = "<group>";
		};
		8BFA92E92BDE74AD004D499A /* MLModel */ = {
			isa = PBXGroup;
			children = (
				8BE647722C5F93AF00619D12 /* InsectsDetectorModel.mlpackage */,
				8B13936B2BCAECEC00D33733 /* ImagePredictor.swift */,
				8BCB27DD2BE3A54A00C7E61C /* Prediction.swift */,
			);
			path = MLModel;
			sourceTree = "<group>";
		};
		8BFA92EC2BDE75CE004D499A /* Home */ = {
			isa = PBXGroup;
			children = (
				8BFA92EF2BDE75FC004D499A /* HomeNavigationStack.swift */,
				8BFA92F12BDE7623004D499A /* HomeView.swift */,
				8BCB27D92BE3A32000C7E61C /* HomeViewModel.swift */,
			);
			path = Home;
			sourceTree = "<group>";
		};
/* End PBXGroup section */

/* Begin PBXNativeTarget section */
		8B13933D2BCAECAE00D33733 /* InsectsDetector */ = {
			isa = PBXNativeTarget;
			buildConfigurationList = 8B1393622BCAECAF00D33733 /* Build configuration list for PBXNativeTarget "InsectsDetector" */;
			buildPhases = (
				8B13933A2BCAECAE00D33733 /* Sources */,
				8B13933B2BCAECAE00D33733 /* Frameworks */,
				8B13933C2BCAECAE00D33733 /* Resources */,
			);
			buildRules = (
			);
			dependencies = (
			);
			name = InsectsDetector;
			packageProductDependencies = (
				8BA185DC2C6FCADE0050A60C /* SwiftyCrop */,
			);
			productName = InsectsDetector;
			productReference = 8B13933E2BCAECAE00D33733 /* InsectsDetector.app */;
			productType = "com.apple.product-type.application";
		};
		8B13934D2BCAECAF00D33733 /* InsectsDetectorTests */ = {
			isa = PBXNativeTarget;
			buildConfigurationList = 8B1393652BCAECAF00D33733 /* Build configuration list for PBXNativeTarget "InsectsDetectorTests" */;
			buildPhases = (
				8B13934A2BCAECAF00D33733 /* Sources */,
				8B13934B2BCAECAF00D33733 /* Frameworks */,
				8B13934C2BCAECAF00D33733 /* Resources */,
			);
			buildRules = (
			);
			dependencies = (
				8B1393502BCAECAF00D33733 /* PBXTargetDependency */,
			);
			name = InsectsDetectorTests;
			productName = InsectsDetectorTests;
			productReference = 8B13934E2BCAECAF00D33733 /* InsectsDetectorTests.xctest */;
			productType = "com.apple.product-type.bundle.unit-test";
		};
/* End PBXNativeTarget section */

/* Begin PBXProject section */
		8B1393362BCAECAE00D33733 /* Project object */ = {
			isa = PBXProject;
			attributes = {
				BuildIndependentTargetsInParallel = 1;
				LastSwiftUpdateCheck = 1530;
				LastUpgradeCheck = 1530;
				TargetAttributes = {
					8B13933D2BCAECAE00D33733 = {
						CreatedOnToolsVersion = 15.3;
					};
					8B13934D2BCAECAF00D33733 = {
						CreatedOnToolsVersion = 15.3;
						TestTargetID = 8B13933D2BCAECAE00D33733;
					};
				};
			};
			buildConfigurationList = 8B1393392BCAECAE00D33733 /* Build configuration list for PBXProject "InsectsDetector" */;
			compatibilityVersion = "Xcode 14.0";
			developmentRegion = pl;
			hasScannedForEncodings = 0;
			knownRegions = (
				en,
				Base,
				pl,
			);
			mainGroup = 8B1393352BCAECAE00D33733;
			packageReferences = (
				8BA185DA2C6FC9D70050A60C /* XCRemoteSwiftPackageReference "SwiftyCrop" */,
			);
			productRefGroup = 8B13933F2BCAECAE00D33733 /* Products */;
			projectDirPath = "";
			projectRoot = "";
			targets = (
				8B13933D2BCAECAE00D33733 /* InsectsDetector */,
				8B13934D2BCAECAF00D33733 /* InsectsDetectorTests */,
			);
		};
/* End PBXProject section */

/* Begin PBXResourcesBuildPhase section */
		8B13933C2BCAECAE00D33733 /* Resources */ = {
			isa = PBXResourcesBuildPhase;
			buildActionMask = 2147483647;
			files = (
				8B1393492BCAECAF00D33733 /* Preview Assets.xcassets in Resources */,
				8B1393462BCAECAF00D33733 /* Assets.xcassets in Resources */,
				8BF7B1B22CD2A959007B0180 /* Localizable.xcstrings in Resources */,
			);
			runOnlyForDeploymentPostprocessing = 0;
		};
		8B13934C2BCAECAF00D33733 /* Resources */ = {
			isa = PBXResourcesBuildPhase;
			buildActionMask = 2147483647;
			files = (
			);
			runOnlyForDeploymentPostprocessing = 0;
		};
/* End PBXResourcesBuildPhase section */

/* Begin PBXSourcesBuildPhase section */
		8B13933A2BCAECAE00D33733 /* Sources */ = {
			isa = PBXSourcesBuildPhase;
			buildActionMask = 2147483647;
			files = (
				8BA185BE2C6E11480050A60C /* DetectInsectDataModel.swift in Sources */,
				8BCB27DC2BE3A51400C7E61C /* VNClassificationObservation+confidenceString.swift in Sources */,
				8BA185D52C6EAD350050A60C /* DetectedInsectDetailView.swift in Sources */,
				8BA185C92C6E881D0050A60C /* DetectedInsect.swift in Sources */,
				8BF7B1B92CD2B3EA007B0180 /* LearnMoreDataModel.swift in Sources */,
				8BF7B1B42CD2AFED007B0180 /* Insect.swift in Sources */,
				8B1393422BCAECAE00D33733 /* InsectsDetectorApp.swift in Sources */,
				8BCB27DA2BE3A32000C7E61C /* HomeViewModel.swift in Sources */,
				8BA185A22C63FCBF0050A60C /* ThumbnailView.swift in Sources */,
				8BA185BC2C6BCC910050A60C /* DetectInsectView.swift in Sources */,
				8B13936C2BCAECED00D33733 /* ImagePredictor.swift in Sources */,
				8BFA92E72BDE72FF004D499A /* TabBar.swift in Sources */,
				8BA185D22C6EAD090050A60C /* DetectedInsectDetailDataModel.swift in Sources */,
				8BA185B92C6BC9BA0050A60C /* Image+Extension.swift in Sources */,
				8BA185D02C6EA9C80050A60C /* DetectedInsectItemViewModel.swift in Sources */,
				8BF7B1B62CD2B390007B0180 /* LearnMoreView.swift in Sources */,
				8BCB27DE2BE3A54A00C7E61C /* Prediction.swift in Sources */,
				8BA1859E2C63AEC20050A60C /* ScannerDataModel.swift in Sources */,
				8BA185A92C6548810050A60C /* CameraManager.swift in Sources */,
				8BA185572C6169920050A60C /* SettingsView.swift in Sources */,
				8BA185CE2C6EA5EA0050A60C /* DetectedInsectItemView.swift in Sources */,
				8BA185552C6169720050A60C /* SettingsNavigationStack.swift in Sources */,
				8BA185AF2C654EC50050A60C /* CIImage+Extension.swift in Sources */,
				8BA185AD2C654EAA0050A60C /* CMSampleBuffer+Extension.swift in Sources */,
				8BA185A02C63FC060050A60C /* ButtonsView.swift in Sources */,
				8BA185AB2C6549D80050A60C /* PhotoLibrary.swift in Sources */,
				8BFA92F22BDE7623004D499A /* HomeView.swift in Sources */,
				8BA185602C61758D0050A60C /* ScannerView.swift in Sources */,
				8BA185C02C6E1A930050A60C /* UIImage+Extension.swift in Sources */,
				8BCB27E02BE3A6F300C7E61C /* CGImagePropertyOrientation.swift in Sources */,
				8BA185C22C6E38600050A60C /* ScannerNavigationStack.swift in Sources */,
				8BFA92EB2BDE74D6004D499A /* AppScreen.swift in Sources */,
				8BA185CB2C6E99760050A60C /* SettingViewModel.swift in Sources */,
				8BE647732C5F93AF00619D12 /* InsectsDetectorModel.mlpackage in Sources */,
				8BFA92F02BDE75FC004D499A /* HomeNavigationStack.swift in Sources */,
				8BA185C42C6E3CD60050A60C /* String+Extension.swift in Sources */,
				8BA185B52C6BC74D0050A60C /* CGImage+Extension.swift in Sources */,
			);
			runOnlyForDeploymentPostprocessing = 0;
		};
		8B13934A2BCAECAF00D33733 /* Sources */ = {
			isa = PBXSourcesBuildPhase;
			buildActionMask = 2147483647;
			files = (
				8B60E2D12CDE19D1008E56F2 /* MockScannerDataModel.swift in Sources */,
				8B60E2C12CDE140C008E56F2 /* CameraManagerTests.swift in Sources */,
				8B60E2D32CDE1B43008E56F2 /* MockImagePredictor.swift in Sources */,
				8B9002A62CDE9A0100BD0CEE /* DetectedInsectDetailDataModelTests.swift in Sources */,
				8B1393532BCAECAF00D33733 /* HomeViewModelTests.swift in Sources */,
				8B9002A82CDE9E0200BD0CEE /* DetectedInsectTests.swift in Sources */,
				8B9002AC2CDE9E9500BD0CEE /* ImagePredictorTests.swift in Sources */,
				8B60E2D52CDE1B5A008E56F2 /* DetectInsectDataModelTests.swift in Sources */,
				8B60E2CA2CDE165B008E56F2 /* ScannerDataModelTests.swift in Sources */,
				8B60E2BF2CDE13B6008E56F2 /* SettingViewModelTests.swift in Sources */,
				8B9002A42CDE994600BD0CEE /* DetectedInsectItemViewModelTests.swift in Sources */,
				8B9002AA2CDE9E4500BD0CEE /* AppScreenTests.swift in Sources */,
			);
			runOnlyForDeploymentPostprocessing = 0;
		};
/* End PBXSourcesBuildPhase section */

/* Begin PBXTargetDependency section */
		8B1393502BCAECAF00D33733 /* PBXTargetDependency */ = {
			isa = PBXTargetDependency;
			target = 8B13933D2BCAECAE00D33733 /* InsectsDetector */;
			targetProxy = 8B13934F2BCAECAF00D33733 /* PBXContainerItemProxy */;
		};
/* End PBXTargetDependency section */

/* Begin XCBuildConfiguration section */
		8B1393602BCAECAF00D33733 /* Debug */ = {
			isa = XCBuildConfiguration;
			buildSettings = {
				ALWAYS_SEARCH_USER_PATHS = NO;
				ASSETCATALOG_COMPILER_GENERATE_SWIFT_ASSET_SYMBOL_EXTENSIONS = YES;
				CLANG_ANALYZER_NONNULL = YES;
				CLANG_ANALYZER_NUMBER_OBJECT_CONVERSION = YES_AGGRESSIVE;
				CLANG_CXX_LANGUAGE_STANDARD = "gnu++20";
				CLANG_ENABLE_MODULES = YES;
				CLANG_ENABLE_OBJC_ARC = YES;
				CLANG_ENABLE_OBJC_WEAK = YES;
				CLANG_WARN_BLOCK_CAPTURE_AUTORELEASING = YES;
				CLANG_WARN_BOOL_CONVERSION = YES;
				CLANG_WARN_COMMA = YES;
				CLANG_WARN_CONSTANT_CONVERSION = YES;
				CLANG_WARN_DEPRECATED_OBJC_IMPLEMENTATIONS = YES;
				CLANG_WARN_DIRECT_OBJC_ISA_USAGE = YES_ERROR;
				CLANG_WARN_DOCUMENTATION_COMMENTS = YES;
				CLANG_WARN_EMPTY_BODY = YES;
				CLANG_WARN_ENUM_CONVERSION = YES;
				CLANG_WARN_INFINITE_RECURSION = YES;
				CLANG_WARN_INT_CONVERSION = YES;
				CLANG_WARN_NON_LITERAL_NULL_CONVERSION = YES;
				CLANG_WARN_OBJC_IMPLICIT_RETAIN_SELF = YES;
				CLANG_WARN_OBJC_LITERAL_CONVERSION = YES;
				CLANG_WARN_OBJC_ROOT_CLASS = YES_ERROR;
				CLANG_WARN_QUOTED_INCLUDE_IN_FRAMEWORK_HEADER = YES;
				CLANG_WARN_RANGE_LOOP_ANALYSIS = YES;
				CLANG_WARN_STRICT_PROTOTYPES = YES;
				CLANG_WARN_SUSPICIOUS_MOVE = YES;
				CLANG_WARN_UNGUARDED_AVAILABILITY = YES_AGGRESSIVE;
				CLANG_WARN_UNREACHABLE_CODE = YES;
				CLANG_WARN__DUPLICATE_METHOD_MATCH = YES;
				COPY_PHASE_STRIP = NO;
				DEBUG_INFORMATION_FORMAT = dwarf;
				ENABLE_STRICT_OBJC_MSGSEND = YES;
				ENABLE_TESTABILITY = YES;
				ENABLE_USER_SCRIPT_SANDBOXING = YES;
				GCC_C_LANGUAGE_STANDARD = gnu17;
				GCC_DYNAMIC_NO_PIC = NO;
				GCC_NO_COMMON_BLOCKS = YES;
				GCC_OPTIMIZATION_LEVEL = 0;
				GCC_PREPROCESSOR_DEFINITIONS = (
					"DEBUG=1",
					"$(inherited)",
				);
				GCC_WARN_64_TO_32_BIT_CONVERSION = YES;
				GCC_WARN_ABOUT_RETURN_TYPE = YES_ERROR;
				GCC_WARN_UNDECLARED_SELECTOR = YES;
				GCC_WARN_UNINITIALIZED_AUTOS = YES_AGGRESSIVE;
				GCC_WARN_UNUSED_FUNCTION = YES;
				GCC_WARN_UNUSED_VARIABLE = YES;
				IPHONEOS_DEPLOYMENT_TARGET = 17.4;
				LOCALIZATION_PREFERS_STRING_CATALOGS = YES;
				MTL_ENABLE_DEBUG_INFO = INCLUDE_SOURCE;
				MTL_FAST_MATH = YES;
				ONLY_ACTIVE_ARCH = YES;
				SDKROOT = iphoneos;
				SWIFT_ACTIVE_COMPILATION_CONDITIONS = "DEBUG $(inherited)";
				SWIFT_EMIT_LOC_STRINGS = YES;
				SWIFT_OPTIMIZATION_LEVEL = "-Onone";
			};
			name = Debug;
		};
		8B1393612BCAECAF00D33733 /* Release */ = {
			isa = XCBuildConfiguration;
			buildSettings = {
				ALWAYS_SEARCH_USER_PATHS = NO;
				ASSETCATALOG_COMPILER_GENERATE_SWIFT_ASSET_SYMBOL_EXTENSIONS = YES;
				CLANG_ANALYZER_NONNULL = YES;
				CLANG_ANALYZER_NUMBER_OBJECT_CONVERSION = YES_AGGRESSIVE;
				CLANG_CXX_LANGUAGE_STANDARD = "gnu++20";
				CLANG_ENABLE_MODULES = YES;
				CLANG_ENABLE_OBJC_ARC = YES;
				CLANG_ENABLE_OBJC_WEAK = YES;
				CLANG_WARN_BLOCK_CAPTURE_AUTORELEASING = YES;
				CLANG_WARN_BOOL_CONVERSION = YES;
				CLANG_WARN_COMMA = YES;
				CLANG_WARN_CONSTANT_CONVERSION = YES;
				CLANG_WARN_DEPRECATED_OBJC_IMPLEMENTATIONS = YES;
				CLANG_WARN_DIRECT_OBJC_ISA_USAGE = YES_ERROR;
				CLANG_WARN_DOCUMENTATION_COMMENTS = YES;
				CLANG_WARN_EMPTY_BODY = YES;
				CLANG_WARN_ENUM_CONVERSION = YES;
				CLANG_WARN_INFINITE_RECURSION = YES;
				CLANG_WARN_INT_CONVERSION = YES;
				CLANG_WARN_NON_LITERAL_NULL_CONVERSION = YES;
				CLANG_WARN_OBJC_IMPLICIT_RETAIN_SELF = YES;
				CLANG_WARN_OBJC_LITERAL_CONVERSION = YES;
				CLANG_WARN_OBJC_ROOT_CLASS = YES_ERROR;
				CLANG_WARN_QUOTED_INCLUDE_IN_FRAMEWORK_HEADER = YES;
				CLANG_WARN_RANGE_LOOP_ANALYSIS = YES;
				CLANG_WARN_STRICT_PROTOTYPES = YES;
				CLANG_WARN_SUSPICIOUS_MOVE = YES;
				CLANG_WARN_UNGUARDED_AVAILABILITY = YES_AGGRESSIVE;
				CLANG_WARN_UNREACHABLE_CODE = YES;
				CLANG_WARN__DUPLICATE_METHOD_MATCH = YES;
				COPY_PHASE_STRIP = NO;
				DEBUG_INFORMATION_FORMAT = "dwarf-with-dsym";
				ENABLE_NS_ASSERTIONS = NO;
				ENABLE_STRICT_OBJC_MSGSEND = YES;
				ENABLE_USER_SCRIPT_SANDBOXING = YES;
				GCC_C_LANGUAGE_STANDARD = gnu17;
				GCC_NO_COMMON_BLOCKS = YES;
				GCC_WARN_64_TO_32_BIT_CONVERSION = YES;
				GCC_WARN_ABOUT_RETURN_TYPE = YES_ERROR;
				GCC_WARN_UNDECLARED_SELECTOR = YES;
				GCC_WARN_UNINITIALIZED_AUTOS = YES_AGGRESSIVE;
				GCC_WARN_UNUSED_FUNCTION = YES;
				GCC_WARN_UNUSED_VARIABLE = YES;
				IPHONEOS_DEPLOYMENT_TARGET = 17.4;
				LOCALIZATION_PREFERS_STRING_CATALOGS = YES;
				MTL_ENABLE_DEBUG_INFO = NO;
				MTL_FAST_MATH = YES;
				SDKROOT = iphoneos;
				SWIFT_COMPILATION_MODE = wholemodule;
				SWIFT_EMIT_LOC_STRINGS = YES;
				VALIDATE_PRODUCT = YES;
			};
			name = Release;
		};
		8B1393632BCAECAF00D33733 /* Debug */ = {
			isa = XCBuildConfiguration;
			buildSettings = {
				ASSETCATALOG_COMPILER_APPICON_NAME = AppIcon;
				ASSETCATALOG_COMPILER_GLOBAL_ACCENT_COLOR_NAME = AccentColor;
				CODE_SIGN_STYLE = Automatic;
				CURRENT_PROJECT_VERSION = 1;
				DEVELOPMENT_ASSET_PATHS = "\"InsectsDetector/Preview Content\"";
				DEVELOPMENT_TEAM = FQPC8VYA96;
				ENABLE_PREVIEWS = YES;
				GENERATE_INFOPLIST_FILE = YES;
				INFOPLIST_KEY_NSCameraUsageDescription = "Enable camera usage";
				INFOPLIST_KEY_NSPhotoLibraryUsageDescription = "This app needs access to your photos to allow you to select and upload images.";
				INFOPLIST_KEY_UIApplicationSceneManifest_Generation = YES;
				INFOPLIST_KEY_UIApplicationSupportsIndirectInputEvents = YES;
				INFOPLIST_KEY_UILaunchScreen_Generation = YES;
				INFOPLIST_KEY_UISupportedInterfaceOrientations_iPad = "UIInterfaceOrientationPortrait UIInterfaceOrientationPortraitUpsideDown UIInterfaceOrientationLandscapeLeft UIInterfaceOrientationLandscapeRight";
				INFOPLIST_KEY_UISupportedInterfaceOrientations_iPhone = UIInterfaceOrientationPortrait;
				LD_RUNPATH_SEARCH_PATHS = (
					"$(inherited)",
					"@executable_path/Frameworks",
				);
				MARKETING_VERSION = 1.0;
				PRODUCT_BUNDLE_IDENTIFIER = com.tttomasz.InsectsDetector;
				PRODUCT_NAME = "$(TARGET_NAME)";
				SWIFT_EMIT_LOC_STRINGS = YES;
				SWIFT_VERSION = 5.0;
				TARGETED_DEVICE_FAMILY = "1,2";
			};
			name = Debug;
		};
		8B1393642BCAECAF00D33733 /* Release */ = {
			isa = XCBuildConfiguration;
			buildSettings = {
				ASSETCATALOG_COMPILER_APPICON_NAME = AppIcon;
				ASSETCATALOG_COMPILER_GLOBAL_ACCENT_COLOR_NAME = AccentColor;
				CODE_SIGN_STYLE = Automatic;
				CURRENT_PROJECT_VERSION = 1;
				DEVELOPMENT_ASSET_PATHS = "\"InsectsDetector/Preview Content\"";
				DEVELOPMENT_TEAM = FQPC8VYA96;
				ENABLE_PREVIEWS = YES;
				GENERATE_INFOPLIST_FILE = YES;
				INFOPLIST_KEY_NSCameraUsageDescription = "Enable camera usage";
				INFOPLIST_KEY_NSPhotoLibraryUsageDescription = "This app needs access to your photos to allow you to select and upload images.";
				INFOPLIST_KEY_UIApplicationSceneManifest_Generation = YES;
				INFOPLIST_KEY_UIApplicationSupportsIndirectInputEvents = YES;
				INFOPLIST_KEY_UILaunchScreen_Generation = YES;
				INFOPLIST_KEY_UISupportedInterfaceOrientations_iPad = "UIInterfaceOrientationPortrait UIInterfaceOrientationPortraitUpsideDown UIInterfaceOrientationLandscapeLeft UIInterfaceOrientationLandscapeRight";
				INFOPLIST_KEY_UISupportedInterfaceOrientations_iPhone = UIInterfaceOrientationPortrait;
				LD_RUNPATH_SEARCH_PATHS = (
					"$(inherited)",
					"@executable_path/Frameworks",
				);
				MARKETING_VERSION = 1.0;
				PRODUCT_BUNDLE_IDENTIFIER = com.tttomasz.InsectsDetector;
				PRODUCT_NAME = "$(TARGET_NAME)";
				SWIFT_EMIT_LOC_STRINGS = YES;
				SWIFT_VERSION = 5.0;
				TARGETED_DEVICE_FAMILY = "1,2";
			};
			name = Release;
		};
		8B1393662BCAECAF00D33733 /* Debug */ = {
			isa = XCBuildConfiguration;
			buildSettings = {
				ALWAYS_EMBED_SWIFT_STANDARD_LIBRARIES = YES;
				BUNDLE_LOADER = "$(TEST_HOST)";
				CODE_SIGN_STYLE = Automatic;
				CURRENT_PROJECT_VERSION = 1;
				DEVELOPMENT_TEAM = FQPC8VYA96;
				GENERATE_INFOPLIST_FILE = YES;
				IPHONEOS_DEPLOYMENT_TARGET = 17.4;
				MARKETING_VERSION = 1.0;
				PRODUCT_BUNDLE_IDENTIFIER = com.tttomasz.InsectsDetectorTests;
				PRODUCT_NAME = "$(TARGET_NAME)";
				SWIFT_EMIT_LOC_STRINGS = NO;
				SWIFT_VERSION = 5.0;
				TARGETED_DEVICE_FAMILY = "1,2";
				TEST_HOST = "$(BUILT_PRODUCTS_DIR)/InsectsDetector.app/$(BUNDLE_EXECUTABLE_FOLDER_PATH)/InsectsDetector";
			};
			name = Debug;
		};
		8B1393672BCAECAF00D33733 /* Release */ = {
			isa = XCBuildConfiguration;
			buildSettings = {
				ALWAYS_EMBED_SWIFT_STANDARD_LIBRARIES = YES;
				BUNDLE_LOADER = "$(TEST_HOST)";
				CODE_SIGN_STYLE = Automatic;
				CURRENT_PROJECT_VERSION = 1;
				DEVELOPMENT_TEAM = FQPC8VYA96;
				GENERATE_INFOPLIST_FILE = YES;
				IPHONEOS_DEPLOYMENT_TARGET = 17.4;
				MARKETING_VERSION = 1.0;
				PRODUCT_BUNDLE_IDENTIFIER = com.tttomasz.InsectsDetectorTests;
				PRODUCT_NAME = "$(TARGET_NAME)";
				SWIFT_EMIT_LOC_STRINGS = NO;
				SWIFT_VERSION = 5.0;
				TARGETED_DEVICE_FAMILY = "1,2";
				TEST_HOST = "$(BUILT_PRODUCTS_DIR)/InsectsDetector.app/$(BUNDLE_EXECUTABLE_FOLDER_PATH)/InsectsDetector";
			};
			name = Release;
		};
/* End XCBuildConfiguration section */

/* Begin XCConfigurationList section */
		8B1393392BCAECAE00D33733 /* Build configuration list for PBXProject "InsectsDetector" */ = {
			isa = XCConfigurationList;
			buildConfigurations = (
				8B1393602BCAECAF00D33733 /* Debug */,
				8B1393612BCAECAF00D33733 /* Release */,
			);
			defaultConfigurationIsVisible = 0;
			defaultConfigurationName = Release;
		};
		8B1393622BCAECAF00D33733 /* Build configuration list for PBXNativeTarget "InsectsDetector" */ = {
			isa = XCConfigurationList;
			buildConfigurations = (
				8B1393632BCAECAF00D33733 /* Debug */,
				8B1393642BCAECAF00D33733 /* Release */,
			);
			defaultConfigurationIsVisible = 0;
			defaultConfigurationName = Release;
		};
		8B1393652BCAECAF00D33733 /* Build configuration list for PBXNativeTarget "InsectsDetectorTests" */ = {
			isa = XCConfigurationList;
			buildConfigurations = (
				8B1393662BCAECAF00D33733 /* Debug */,
				8B1393672BCAECAF00D33733 /* Release */,
			);
			defaultConfigurationIsVisible = 0;
			defaultConfigurationName = Release;
		};
/* End XCConfigurationList section */

/* Begin XCRemoteSwiftPackageReference section */
		8BA185DA2C6FC9D70050A60C /* XCRemoteSwiftPackageReference "SwiftyCrop" */ = {
			isa = XCRemoteSwiftPackageReference;
			repositoryURL = "https://github.com/benedom/SwiftyCrop";
			requirement = {
				branch = master;
				kind = branch;
			};
		};
/* End XCRemoteSwiftPackageReference section */

/* Begin XCSwiftPackageProductDependency section */
		8BA185DC2C6FCADE0050A60C /* SwiftyCrop */ = {
			isa = XCSwiftPackageProductDependency;
			package = 8BA185DA2C6FC9D70050A60C /* XCRemoteSwiftPackageReference "SwiftyCrop" */;
			productName = SwiftyCrop;
		};
/* End XCSwiftPackageProductDependency section */
	};
	rootObject = 8B1393362BCAECAE00D33733 /* Project object */;
}
